{
  "version": 4,
  "terraform_version": "1.1.2",
  "serial": 51,
  "lineage": "a5024b1e-7654-608d-28d1-7f7455453a77",
  "outputs": {
    "tfe_admin_console_password": {
      "value": "HashiCorp123",
      "type": "string"
    },
    "tfe_admin_console_url": {
      "value": "https://tfe.useful-piranha.training.hashidemos.io:8800",
      "type": "string"
    },
    "tfe_url": {
      "value": "https://tfe.useful-piranha.training.hashidemos.io",
      "type": "string"
    }
  },
  "resources": [
    {
      "mode": "data",
      "type": "aws_acm_certificate",
      "name": "tfe",
      "provider": "provider[\"registry.terraform.io/hashicorp/aws\"]",
      "instances": [
        {
          "schema_version": 0,
          "attributes": {
            "arn": "arn:aws:acm:us-west-2:467368121379:certificate/31742d24-125b-4ba8-a1b2-117053fa23b5",
            "domain": "*.training.hashidemos.io",
            "id": "arn:aws:acm:us-west-2:467368121379:certificate/31742d24-125b-4ba8-a1b2-117053fa23b5",
            "key_types": null,
            "most_recent": false,
            "status": "ISSUED",
            "statuses": null,
            "tags": {},
            "types": null
          },
          "sensitive_attributes": []
        }
      ]
    },
    {
      "mode": "data",
      "type": "aws_s3_bucket",
      "name": "bootstrap_bucket",
      "provider": "provider[\"registry.terraform.io/hashicorp/aws\"]",
      "instances": [
        {
          "schema_version": 0,
          "attributes": {
            "arn": "arn:aws:s3:::useful-piranha-bootstrap",
            "bucket": "useful-piranha-bootstrap",
            "bucket_domain_name": "useful-piranha-bootstrap.s3.amazonaws.com",
            "bucket_regional_domain_name": "useful-piranha-bootstrap.s3.us-west-2.amazonaws.com",
            "hosted_zone_id": "Z3BJ6K6RIION7M",
            "id": "useful-piranha-bootstrap",
            "region": "us-west-2",
            "website_domain": null,
            "website_endpoint": null
          },
          "sensitive_attributes": []
        }
      ]
    },
    {
      "mode": "managed",
      "type": "aws_key_pair",
      "name": "sshkey",
      "provider": "provider[\"registry.terraform.io/hashicorp/aws\"]",
      "instances": [
        {
          "schema_version": 1,
          "attributes": {
            "arn": "arn:aws:ec2:us-west-2:467368121379:key-pair/lab-ssh-key",
            "fingerprint": "a4:b3:75:06:cb:c3:1f:62:3f:76:37:32:76:47:a8:59",
            "id": "lab-ssh-key",
            "key_name": "lab-ssh-key",
            "key_name_prefix": null,
            "key_pair_id": "key-027bb38ce42b4c2a5",
            "public_key": "ssh-rsa AAAAB3NzaC1yc2EAAAADAQABAAABAQDHKD1BrIKQ6G6ooJBz91IG+Ljp3pJBawxvchiD0IHhKb6D5DhPab2Wz6n37nfK0ivHqNfblSx3KXxKIYcwTtUyBgIrmCxh1BBV11Wj9vpPk91NabjhYVqyZ0vXaPNda0L12oASjt4SbagaX5nxLkHIkBcZiig+1feYmLH6+wARjNQJ1hC6ObKbMoU4NgsT6LFYBmPBkVjBwXfPZYiaQTQTuJYgCw3sxChPYOdVm18ivsxpfjtAZWAebpmzYKACSCU2/Qeo3X4wMuv6iiwZUpUvts0S5HTFjEEHYA3UzKvhGFQkrJ1QbY8WDL0mVK19n+BYayfUNxu2nhYagvrHtyqL",
            "tags": null,
            "tags_all": {}
          },
          "sensitive_attributes": [],
          "private": "eyJzY2hlbWFfdmVyc2lvbiI6IjEifQ=="
        }
      ]
    },
    {
      "mode": "managed",
      "type": "aws_s3_bucket_object",
      "name": "license",
      "provider": "provider[\"registry.terraform.io/hashicorp/aws\"]",
      "instances": [
        {
          "schema_version": 0,
          "attributes": {
            "acl": "private",
            "bucket": "useful-piranha-bootstrap",
            "bucket_key_enabled": false,
            "cache_control": "",
            "content": null,
            "content_base64": null,
            "content_disposition": "",
            "content_encoding": "",
            "content_language": "",
            "content_type": "binary/octet-stream",
            "etag": "69013837b448eaec7eb39d322d346a47",
            "force_destroy": false,
            "id": "tfe_license.rli",
            "key": "tfe_license.rli",
            "kms_key_id": null,
            "metadata": null,
            "object_lock_legal_hold_status": "",
            "object_lock_mode": "",
            "object_lock_retain_until_date": "",
            "server_side_encryption": "",
            "source": "/var/tfe_license.rli",
            "source_hash": null,
            "storage_class": "STANDARD",
            "tags": null,
            "tags_all": {},
            "version_id": "",
            "website_redirect": ""
          },
          "sensitive_attributes": [],
          "private": "bnVsbA==",
          "dependencies": [
            "data.aws_s3_bucket.bootstrap_bucket"
          ]
        }
      ]
    },
    {
      "mode": "managed",
      "type": "random_password",
      "name": "rds_password",
      "provider": "provider[\"registry.terraform.io/hashicorp/random\"]",
      "instances": [
        {
          "schema_version": 0,
          "attributes": {
            "id": "none",
            "keepers": null,
            "length": 16,
            "lower": true,
            "min_lower": 0,
            "min_numeric": 0,
            "min_special": 0,
            "min_upper": 0,
            "number": true,
            "override_special": null,
            "result": "MeNCYeYtdRLxgTgZ",
            "special": false,
            "upper": true
          },
          "sensitive_attributes": [],
          "private": "bnVsbA=="
        }
      ]
    },
    {
      "module": "module.tfe",
      "mode": "data",
      "type": "aws_ami",
      "name": "amzn2",
      "provider": "provider[\"registry.terraform.io/hashicorp/aws\"]",
      "instances": [
        {
          "index_key": 0,
          "schema_version": 0,
          "attributes": {
            "architecture": "x86_64",
            "arn": "arn:aws:ec2:us-west-2::image/ami-0ecf760d3d7e1fefa",
            "block_device_mappings": [
              {
                "device_name": "/dev/xvda",
                "ebs": {
                  "delete_on_termination": "true",
                  "encrypted": "false",
                  "iops": "0",
                  "snapshot_id": "snap-0b37efe0e7461d455",
                  "throughput": "0",
                  "volume_size": "8",
                  "volume_type": "gp2"
                },
                "no_device": "",
                "virtual_name": ""
              }
            ],
            "creation_date": "2022-01-05T22:17:49.000Z",
            "description": "Amazon Linux 2 AMI 2.0.20211223.0 x86_64 HVM gp2",
            "ena_support": true,
            "executable_users": null,
            "filter": [
              {
                "name": "name",
                "values": [
                  "amzn2-ami-hvm-2.0*-x86_64-gp2"
                ]
              },
              {
                "name": "root-device-type",
                "values": [
                  "ebs"
                ]
              },
              {
                "name": "state",
                "values": [
                  "available"
                ]
              },
              {
                "name": "virtualization-type",
                "values": [
                  "hvm"
                ]
              }
            ],
            "hypervisor": "xen",
            "id": "ami-0ecf760d3d7e1fefa",
            "image_id": "ami-0ecf760d3d7e1fefa",
            "image_location": "amazon/amzn2-ami-hvm-2.0.20211223.0-x86_64-gp2",
            "image_owner_alias": "amazon",
            "image_type": "machine",
            "kernel_id": null,
            "most_recent": true,
            "name": "amzn2-ami-hvm-2.0.20211223.0-x86_64-gp2",
            "name_regex": null,
            "owner_id": "137112412989",
            "owners": [
              "amazon"
            ],
            "platform": null,
            "platform_details": "Linux/UNIX",
            "product_codes": [],
            "public": true,
            "ramdisk_id": null,
            "root_device_name": "/dev/xvda",
            "root_device_type": "ebs",
            "root_snapshot_id": "snap-0b37efe0e7461d455",
            "sriov_net_support": "simple",
            "state": "available",
            "state_reason": {
              "code": "UNSET",
              "message": "UNSET"
            },
            "tags": {},
            "usage_operation": "RunInstances",
            "virtualization_type": "hvm"
          },
          "sensitive_attributes": []
        }
      ]
    },
    {
      "module": "module.tfe",
      "mode": "data",
      "type": "aws_availability_zones",
      "name": "available",
      "provider": "provider[\"registry.terraform.io/hashicorp/aws\"]",
      "instances": [
        {
          "schema_version": 0,
          "attributes": {
            "all_availability_zones": null,
            "exclude_names": null,
            "exclude_zone_ids": null,
            "filter": null,
            "group_names": [
              "us-west-2"
            ],
            "id": "us-west-2",
            "names": [
              "us-west-2a",
              "us-west-2b",
              "us-west-2c",
              "us-west-2d"
            ],
            "state": "available",
            "zone_ids": [
              "usw2-az1",
              "usw2-az2",
              "usw2-az3",
              "usw2-az4"
            ]
          },
          "sensitive_attributes": []
        }
      ]
    },
    {
      "module": "module.tfe",
      "mode": "data",
      "type": "aws_caller_identity",
      "name": "current",
      "provider": "provider[\"registry.terraform.io/hashicorp/aws\"]",
      "instances": [
        {
          "schema_version": 0,
          "attributes": {
            "account_id": "467368121379",
            "arn": "arn:aws:iam::467368121379:user/q2gobzzu8j3u5eoq",
            "id": "467368121379",
            "user_id": "AIDAWZUKPSQRX7RBNC273"
          },
          "sensitive_attributes": []
        }
      ]
    },
    {
      "module": "module.tfe",
      "mode": "data",
      "type": "aws_region",
      "name": "current",
      "provider": "provider[\"registry.terraform.io/hashicorp/aws\"]",
      "instances": [
        {
          "schema_version": 0,
          "attributes": {
            "description": "US West (Oregon)",
            "endpoint": "ec2.us-west-2.amazonaws.com",
            "id": "us-west-2",
            "name": "us-west-2"
          },
          "sensitive_attributes": []
        }
      ]
    },
    {
      "module": "module.tfe",
      "mode": "data",
      "type": "aws_route53_zone",
      "name": "tfe",
      "provider": "provider[\"registry.terraform.io/hashicorp/aws\"]",
      "instances": [
        {
          "index_key": 0,
          "schema_version": 0,
          "attributes": {
            "arn": "arn:aws:route53:::hostedzone/Z049349732I0HJ4YXVP7O",
            "caller_reference": "terraform-20220111061847389500000001",
            "comment": "Managed by Terraform",
            "id": "Z049349732I0HJ4YXVP7O",
            "linked_service_description": null,
            "linked_service_principal": null,
            "name": "useful-piranha.training.hashidemos.io",
            "name_servers": [
              "ns-392.awsdns-49.com",
              "ns-1336.awsdns-39.org",
              "ns-734.awsdns-27.net",
              "ns-1909.awsdns-46.co.uk"
            ],
            "private_zone": false,
            "resource_record_set_count": 2,
            "tags": {},
            "vpc_id": null,
            "zone_id": "Z049349732I0HJ4YXVP7O"
          },
          "sensitive_attributes": []
        }
      ]
    },
    {
      "module": "module.tfe",
      "mode": "data",
      "type": "aws_s3_bucket",
      "name": "bootstrap_bucket",
      "provider": "provider[\"registry.terraform.io/hashicorp/aws\"]",
      "instances": [
        {
          "index_key": 0,
          "schema_version": 0,
          "attributes": {
            "arn": "arn:aws:s3:::useful-piranha-bootstrap",
            "bucket": "useful-piranha-bootstrap",
            "bucket_domain_name": "useful-piranha-bootstrap.s3.amazonaws.com",
            "bucket_regional_domain_name": "useful-piranha-bootstrap.s3.us-west-2.amazonaws.com",
            "hosted_zone_id": "Z3BJ6K6RIION7M",
            "id": "useful-piranha-bootstrap",
            "region": "us-west-2",
            "website_domain": null,
            "website_endpoint": null
          },
          "sensitive_attributes": []
        }
      ]
    },
    {
      "module": "module.tfe",
      "mode": "managed",
      "type": "aws_autoscaling_group",
      "name": "asg",
      "provider": "provider[\"registry.terraform.io/hashicorp/aws\"]",
      "instances": [
        {
          "schema_version": 0,
          "attributes": {
            "arn": "arn:aws:autoscaling:us-west-2:467368121379:autoScalingGroup:619285b2-5794-44b2-a24c-cbab0c583e5a:autoScalingGroupName/useful-piranha-tfe-asg",
            "availability_zones": [
              "us-west-2a",
              "us-west-2b",
              "us-west-2c"
            ],
            "capacity_rebalance": false,
            "default_cooldown": 300,
            "desired_capacity": 1,
            "enabled_metrics": null,
            "force_delete": false,
            "force_delete_warm_pool": false,
            "health_check_grace_period": 900,
            "health_check_type": "ELB",
            "id": "useful-piranha-tfe-asg",
            "initial_lifecycle_hook": [],
            "instance_refresh": [],
            "launch_configuration": "",
            "launch_template": [
              {
                "id": "lt-03f19b6bcc5292b4b",
                "name": "useful-piranha-tfe-ec2-asg-lt",
                "version": "$Latest"
              }
            ],
            "load_balancers": null,
            "max_instance_lifetime": 0,
            "max_size": 1,
            "metrics_granularity": "1Minute",
            "min_elb_capacity": null,
            "min_size": 0,
            "mixed_instances_policy": [],
            "name": "useful-piranha-tfe-asg",
            "name_prefix": "",
            "placement_group": "",
            "protect_from_scale_in": false,
            "service_linked_role_arn": "arn:aws:iam::467368121379:role/aws-service-role/autoscaling.amazonaws.com/AWSServiceRoleForAutoScaling",
            "suspended_processes": null,
            "tag": [
              {
                "key": "Active-Active",
                "propagate_at_launch": false,
                "value": "false"
              },
              {
                "key": "Name",
                "propagate_at_launch": false,
                "value": "useful-piranha-tfe-asg"
              }
            ],
            "tags": null,
            "target_group_arns": [
              "arn:aws:elasticloadbalancing:us-west-2:467368121379:targetgroup/useful-piranha-tfe-alb-tg-443/e0dc39621666dfb4",
              "arn:aws:elasticloadbalancing:us-west-2:467368121379:targetgroup/useful-piranha-tfe-alb-tg-8800/43ce08e561e4a1ee"
            ],
            "termination_policies": null,
            "timeouts": null,
            "vpc_zone_identifier": [
              "subnet-0b6c05c6fab657c78",
              "subnet-0cc9738f092be1ba7",
              "subnet-0d99496cc0077c828"
            ],
            "wait_for_capacity_timeout": "10m",
            "wait_for_elb_capacity": null,
            "warm_pool": []
          },
          "sensitive_attributes": [],
          "private": "eyJlMmJmYjczMC1lY2FhLTExZTYtOGY4OC0zNDM2M2JjN2M0YzAiOnsiZGVsZXRlIjo2MDAwMDAwMDAwMDB9fQ==",
          "dependencies": [
            "aws_key_pair.sshkey",
            "aws_s3_bucket_object.license",
            "data.aws_s3_bucket.bootstrap_bucket",
            "module.tfe.aws_db_instance.tfe",
            "module.tfe.aws_db_subnet_group.rds",
            "module.tfe.aws_elasticache_replication_group.redis_cluster",
            "module.tfe.aws_iam_instance_profile.instance_profile",
            "module.tfe.aws_iam_role.instance_role",
            "module.tfe.aws_iam_role.s3_crr",
            "module.tfe.aws_launch_template.lt",
            "module.tfe.aws_lb_target_group.alb_443",
            "module.tfe.aws_lb_target_group.alb_8800",
            "module.tfe.aws_lb_target_group.nlb_443",
            "module.tfe.aws_lb_target_group.nlb_8800",
            "module.tfe.aws_rds_cluster.tfe",
            "module.tfe.aws_rds_cluster_instance.tfe",
            "module.tfe.aws_s3_bucket.app",
            "module.tfe.aws_security_group.ec2_egress_allow",
            "module.tfe.aws_security_group.ec2_ingress_allow",
            "module.tfe.aws_security_group.rds_ingress_allow",
            "module.tfe.data.aws_ami.amzn2",
            "module.tfe.data.aws_ami.centos",
            "module.tfe.data.aws_ami.rhel",
            "module.tfe.data.aws_ami.ubuntu",
            "module.tfe.data.aws_caller_identity.current",
            "module.tfe.data.aws_ecr_repository.custom_tbw_image",
            "module.tfe.data.aws_region.current",
            "module.vpc.aws_subnet.public",
            "module.vpc.aws_vpc.this",
            "module.vpc.aws_vpc_ipv4_cidr_block_association.this",
            "random_password.rds_password"
          ]
        }
      ]
    },
    {
      "module": "module.tfe",
      "mode": "managed",
      "type": "aws_db_instance",
      "name": "tfe",
      "provider": "provider[\"registry.terraform.io/hashicorp/aws\"]",
      "instances": [
        {
          "index_key": 0,
          "schema_version": 1,
          "attributes": {
            "address": "useful-piranha-tfe-rds-467368121379.cx3zuvchfslf.us-west-2.rds.amazonaws.com",
            "allocated_storage": 50,
            "allow_major_version_upgrade": false,
            "apply_immediately": null,
            "arn": "arn:aws:rds:us-west-2:467368121379:db:useful-piranha-tfe-rds-467368121379",
            "auto_minor_version_upgrade": true,
            "availability_zone": "us-west-2a",
            "backup_retention_period": 35,
            "backup_window": "04:00-04:30",
            "ca_cert_identifier": "rds-ca-2019",
            "character_set_name": "",
            "copy_tags_to_snapshot": true,
            "customer_owned_ip_enabled": false,
            "db_subnet_group_name": "useful-piranha-tfe-rds-subnet-group",
            "delete_automated_backups": true,
            "deletion_protection": false,
            "domain": "",
            "domain_iam_role_name": "",
            "enabled_cloudwatch_logs_exports": null,
            "endpoint": "useful-piranha-tfe-rds-467368121379.cx3zuvchfslf.us-west-2.rds.amazonaws.com:5432",
            "engine": "postgres",
            "engine_version": "12.7",
            "engine_version_actual": "12.7",
            "final_snapshot_identifier": "useful-piranha-tfe-rds-467368121379-final-snapshot",
            "hosted_zone_id": "Z1PVIF0B656C1W",
            "iam_database_authentication_enabled": false,
            "id": "useful-piranha-tfe-rds-467368121379",
            "identifier": "useful-piranha-tfe-rds-467368121379",
            "identifier_prefix": null,
            "instance_class": "db.m5.xlarge",
            "iops": 0,
            "kms_key_id": "",
            "latest_restorable_time": "2022-01-11T06:48:07Z",
            "license_model": "postgresql-license",
            "maintenance_window": "sun:08:00-sun:09:00",
            "max_allocated_storage": 0,
            "monitoring_interval": 0,
            "monitoring_role_arn": "",
            "multi_az": true,
            "name": "tfe",
            "nchar_character_set_name": "",
            "option_group_name": "default:postgres-12",
            "parameter_group_name": "default.postgres12",
            "password": "MeNCYeYtdRLxgTgZ",
            "performance_insights_enabled": false,
            "performance_insights_kms_key_id": "",
            "performance_insights_retention_period": 0,
            "port": 5432,
            "publicly_accessible": false,
            "replica_mode": "",
            "replicas": [],
            "replicate_source_db": "",
            "resource_id": "db-IOKWUQMTXGQIGOLJYEJ5EZEJBM",
            "restore_to_point_in_time": [],
            "s3_import": [],
            "security_group_names": null,
            "skip_final_snapshot": true,
            "snapshot_identifier": null,
            "status": "available",
            "storage_encrypted": false,
            "storage_type": "gp2",
            "tags": {
              "Description": "TFE PostgreSQL database storage",
              "Name": "useful-piranha-tfe-rds-467368121379"
            },
            "tags_all": {
              "Description": "TFE PostgreSQL database storage",
              "Name": "useful-piranha-tfe-rds-467368121379"
            },
            "timeouts": null,
            "timezone": "",
            "username": "tfe",
            "vpc_security_group_ids": [
              "sg-02c5b587e8b6c7095"
            ]
          },
          "sensitive_attributes": [
            [
              {
                "type": "get_attr",
                "value": "password"
              }
            ]
          ],
          "private": "eyJlMmJmYjczMC1lY2FhLTExZTYtOGY4OC0zNDM2M2JjN2M0YzAiOnsiY3JlYXRlIjoyNDAwMDAwMDAwMDAwLCJkZWxldGUiOjM2MDAwMDAwMDAwMDAsInVwZGF0ZSI6NDgwMDAwMDAwMDAwMH0sInNjaGVtYV92ZXJzaW9uIjoiMSJ9",
          "dependencies": [
            "module.tfe.aws_db_subnet_group.rds",
            "module.tfe.aws_security_group.rds_ingress_allow",
            "module.tfe.data.aws_caller_identity.current",
            "module.vpc.aws_subnet.public",
            "module.vpc.aws_vpc.this",
            "module.vpc.aws_vpc_ipv4_cidr_block_association.this",
            "random_password.rds_password"
          ]
        }
      ]
    },
    {
      "module": "module.tfe",
      "mode": "managed",
      "type": "aws_db_subnet_group",
      "name": "rds",
      "provider": "provider[\"registry.terraform.io/hashicorp/aws\"]",
      "instances": [
        {
          "index_key": 0,
          "schema_version": 0,
          "attributes": {
            "arn": "arn:aws:rds:us-west-2:467368121379:subgrp:useful-piranha-tfe-rds-subnet-group",
            "description": "Managed by Terraform",
            "id": "useful-piranha-tfe-rds-subnet-group",
            "name": "useful-piranha-tfe-rds-subnet-group",
            "name_prefix": null,
            "subnet_ids": [
              "subnet-0b6c05c6fab657c78",
              "subnet-0cc9738f092be1ba7",
              "subnet-0d99496cc0077c828"
            ],
            "tags": {
              "Description": "Subnets for TFE PostgreSQL RDS instance",
              "Name": "useful-piranha-tfe-db-subnet-group"
            },
            "tags_all": {
              "Description": "Subnets for TFE PostgreSQL RDS instance",
              "Name": "useful-piranha-tfe-db-subnet-group"
            }
          },
          "sensitive_attributes": [],
          "private": "bnVsbA==",
          "dependencies": [
            "module.vpc.aws_subnet.public",
            "module.vpc.aws_vpc.this",
            "module.vpc.aws_vpc_ipv4_cidr_block_association.this"
          ]
        }
      ]
    },
    {
      "module": "module.tfe",
      "mode": "managed",
      "type": "aws_iam_instance_profile",
      "name": "instance_profile",
      "provider": "provider[\"registry.terraform.io/hashicorp/aws\"]",
      "instances": [
        {
          "schema_version": 0,
          "attributes": {
            "arn": "arn:aws:iam::467368121379:instance-profile/useful-piranha-tfe-instance-profile-us-west-2",
            "create_date": "2022-01-11T06:38:33Z",
            "id": "useful-piranha-tfe-instance-profile-us-west-2",
            "name": "useful-piranha-tfe-instance-profile-us-west-2",
            "name_prefix": null,
            "path": "/",
            "role": "useful-piranha-tfe-instance-role-us-west-2",
            "tags": null,
            "tags_all": {},
            "unique_id": "AIPAWZUKPSQR4V3ZOWA4F"
          },
          "sensitive_attributes": [],
          "private": "bnVsbA==",
          "dependencies": [
            "module.tfe.aws_iam_role.instance_role",
            "module.tfe.data.aws_region.current"
          ]
        }
      ]
    },
    {
      "module": "module.tfe",
      "mode": "managed",
      "type": "aws_iam_role",
      "name": "instance_role",
      "provider": "provider[\"registry.terraform.io/hashicorp/aws\"]",
      "instances": [
        {
          "schema_version": 0,
          "attributes": {
            "arn": "arn:aws:iam::467368121379:role/useful-piranha-tfe-instance-role-us-west-2",
            "assume_role_policy": "{\"Version\":\"2012-10-17\",\"Statement\":[{\"Effect\":\"Allow\",\"Principal\":{\"Service\":\"ec2.amazonaws.com\"},\"Action\":\"sts:AssumeRole\"}]}",
            "create_date": "2022-01-11T06:38:31Z",
            "description": "",
            "force_detach_policies": false,
            "id": "useful-piranha-tfe-instance-role-us-west-2",
            "inline_policy": [
              {
                "name": "",
                "policy": ""
              }
            ],
            "managed_policy_arns": [],
            "max_session_duration": 3600,
            "name": "useful-piranha-tfe-instance-role-us-west-2",
            "name_prefix": "",
            "path": "/",
            "permissions_boundary": null,
            "tags": {
              "Name": "useful-piranha-tfe-instance-role"
            },
            "tags_all": {
              "Name": "useful-piranha-tfe-instance-role"
            },
            "unique_id": "AROAWZUKPSQRW6QAQXC7N"
          },
          "sensitive_attributes": [],
          "private": "bnVsbA==",
          "dependencies": [
            "module.tfe.data.aws_region.current"
          ]
        }
      ]
    },
    {
      "module": "module.tfe",
      "mode": "managed",
      "type": "aws_iam_role_policy",
      "name": "instance_role_policy",
      "provider": "provider[\"registry.terraform.io/hashicorp/aws\"]",
      "instances": [
        {
          "schema_version": 0,
          "attributes": {
            "id": "useful-piranha-tfe-instance-role-us-west-2:useful-piranha-tfe-instance-role-policy-us-west-2",
            "name": "useful-piranha-tfe-instance-role-policy-us-west-2",
            "name_prefix": null,
            "policy": "{\n    \"Version\": \"2012-10-17\",\n    \"Statement\": [\n        \n        \n        \n        \n        \n        \n        \n        {\n            \"Sid\": \"InteractWithS3\",\n            \"Effect\": \"Allow\",\n            \"Action\": [\n                \"s3:PutObject\",\n                \"s3:ListBucket\",\n                \"s3:GetObject\",\n                \"s3:DeleteObject\",\n                \"s3:GetBucketLocation\"\n            ],\n            \"Resource\": [\n                \"arn:aws:s3:::useful-piranha-bootstrap\",\n                \"arn:aws:s3:::useful-piranha-bootstrap/*\",\n                \n                \n                \"arn:aws:s3:::useful-piranha-tfe-app-us-west-2-467368121379\",\n                \"arn:aws:s3:::useful-piranha-tfe-app-us-west-2-467368121379/*\"\n            ]\n        }\n    ]\n}",
            "role": "useful-piranha-tfe-instance-role-us-west-2"
          },
          "sensitive_attributes": [],
          "private": "bnVsbA==",
          "dependencies": [
            "data.aws_s3_bucket.bootstrap_bucket",
            "module.tfe.aws_iam_role.instance_role",
            "module.tfe.aws_iam_role.s3_crr",
            "module.tfe.aws_s3_bucket.app",
            "module.tfe.data.aws_caller_identity.current",
            "module.tfe.data.aws_cloudwatch_log_group.log_group",
            "module.tfe.data.aws_ecr_repository.custom_tbw_image",
            "module.tfe.data.aws_region.current",
            "module.tfe.data.aws_s3_bucket.bootstrap_bucket",
            "module.tfe.data.aws_s3_bucket.log_bucket"
          ]
        }
      ]
    },
    {
      "module": "module.tfe",
      "mode": "managed",
      "type": "aws_launch_template",
      "name": "lt",
      "provider": "provider[\"registry.terraform.io/hashicorp/aws\"]",
      "instances": [
        {
          "schema_version": 0,
          "attributes": {
            "arn": "arn:aws:ec2:us-west-2:467368121379:launch-template/lt-03f19b6bcc5292b4b",
            "block_device_mappings": [
              {
                "device_name": "/dev/xvda",
                "ebs": [
                  {
                    "delete_on_termination": "",
                    "encrypted": "false",
                    "iops": 0,
                    "kms_key_id": "",
                    "snapshot_id": "",
                    "throughput": 0,
                    "volume_size": 50,
                    "volume_type": "gp2"
                  }
                ],
                "no_device": "",
                "virtual_name": ""
              }
            ],
            "capacity_reservation_specification": [],
            "cpu_options": [],
            "credit_specification": [],
            "default_version": 1,
            "description": "",
            "disable_api_termination": false,
            "ebs_optimized": "",
            "elastic_gpu_specifications": [],
            "elastic_inference_accelerator": [],
            "enclave_options": [],
            "hibernation_options": [],
            "iam_instance_profile": [
              {
                "arn": "",
                "name": "useful-piranha-tfe-instance-profile-us-west-2"
              }
            ],
            "id": "lt-03f19b6bcc5292b4b",
            "image_id": "ami-0ecf760d3d7e1fefa",
            "instance_initiated_shutdown_behavior": "",
            "instance_market_options": [],
            "instance_type": "m5.xlarge",
            "kernel_id": "",
            "key_name": "lab-ssh-key",
            "latest_version": 1,
            "license_specification": [],
            "metadata_options": [],
            "monitoring": [],
            "name": "useful-piranha-tfe-ec2-asg-lt",
            "name_prefix": "",
            "network_interfaces": [],
            "placement": [],
            "ram_disk_id": "",
            "security_group_names": null,
            "tag_specifications": [
              {
                "resource_type": "instance",
                "tags": {
                  "Name": "useful-piranha-tfe-ec2",
                  "OS_Distro": "amzn2",
                  "Type": "autoscaling-group"
                }
              }
            ],
            "tags": {
              "Active-Active": "false",
              "Name": "useful-piranha-tfe-ec2-launch-template"
            },
            "tags_all": {
              "Active-Active": "false",
              "Name": "useful-piranha-tfe-ec2-launch-template"
            },
            "update_default_version": null,
            "user_data": "IyEvdXNyL2Jpbi9lbnYgYmFzaApzZXQgLWV1byBwaXBlZmFpbAoKZGV0ZXJtaW5lX29zX2Rpc3RybygpIHsKICBsb2NhbCBvc19kaXN0cm9fbmFtZT0kKGdyZXAgIl5OQU1FPSIgL2V0Yy9vcy1yZWxlYXNlIHwgY3V0IC1kIlwiIiAtZjIpCgogIGNhc2UgIiRvc19kaXN0cm9fbmFtZSIgaW4gCiAgICAiQW1hem9uIExpbnV4IiopCiAgICAgIG9zX2Rpc3Rybz0iYW16bjIiCiAgICAgIDs7CiAgICAiVWJ1bnR1IiopCiAgICAgIG9zX2Rpc3Rybz0idWJ1bnR1IgogICAgICA7OwogICAgIkNlbnRPUyBMaW51eCIqKQogICAgICBvc19kaXN0cm89ImNlbnRvcyIKICAgICAgOzsKICAgICJSZWQgSGF0IiopCiAgICAgIG9zX2Rpc3Rybz0icmhlbCIKICAgICAgOzsKICAgICopCiAgICAgIGVjaG8gIltFUlJPUl0gJyRvc19kaXN0cm9fbmFtZScgaXMgYW4gdW5zdXBwb3J0ZWQgTGludXggT1MgZGlzdHJvLiIKICAgICAgZXhpdF9zY3JpcHQgMQogIGVzYWMKCiAgZWNobyAiJG9zX2Rpc3RybyIKfQoKaW5zdGFsbF9hd3NjbGkoKSB7CiAgaWYgW1sgLW4gIiQoY29tbWFuZCAtdiBhd3MpIiBdXTsgdGhlbiAKICAgIGVjaG8gIltJTkZPXSBEZXRlY3RlZCAnYXdzLWNsaScgaXMgYWxyZWFkeSBpbnN0YWxsZWQuIFNraXBwaW5nLiIKICBlbHNlCiAgICBjdXJsICJodHRwczovL2F3c2NsaS5hbWF6b25hd3MuY29tL2F3c2NsaS1leGUtbGludXgteDg2XzY0LnppcCIgLW8gImF3c2NsaXYyLnppcCIKICAgIHVuemlwIC1xcSBhd3NjbGl2Mi56aXAKICAgIC4vYXdzL2luc3RhbGwKICAgIHJtIC1mIC4vYXdzY2xpdjIuemlwICYmIHJtIC1yZiAuL2F3cwogIGZpCn0KCmluc3RhbGxfZG9ja2VyKCkgewogIGxvY2FsIG9zX2Rpc3Rybz0iJDEiCiAgCiAgaWYgW1sgLW4gIiQoY29tbWFuZCAtdiBkb2NrZXIpIiBdXTsgdGhlbgogICAgZWNobyAiW0lORk9dIERldGVjdGVkICdkb2NrZXInIGlzIGFscmVhZHkgaW5zdGFsbGVkLiBTa2lwcGluZy4iCiAgZWxzZQogICAgaWYgW1sgIiRvc19kaXN0cm8iID09ICJ1YnVudHUiIF1dOyB0aGVuCiAgICAgICMgaHR0cHM6Ly9kb2NzLmRvY2tlci5jb20vZW5naW5lL2luc3RhbGwvdWJ1bnR1LwogICAgICBlY2hvICJbSU5GT10gSW5zdGFsbGluZyBEb2NrZXIgZm9yIFVidW50dSAoRm9jYWwpLiIKICAgICAgY3VybCAtZnNTTCBodHRwczovL2Rvd25sb2FkLmRvY2tlci5jb20vbGludXgvdWJ1bnR1L2dwZyB8IGdwZyAtLWRlYXJtb3IgLW8gL3Vzci9zaGFyZS9rZXlyaW5ncy9kb2NrZXItYXJjaGl2ZS1rZXlyaW5nLmdwZwogICAgICBlY2hvIFwKICAgICAgImRlYiBbYXJjaD0kKGRwa2cgLS1wcmludC1hcmNoaXRlY3R1cmUpIHNpZ25lZC1ieT0vdXNyL3NoYXJlL2tleXJpbmdzL2RvY2tlci1hcmNoaXZlLWtleXJpbmcuZ3BnXSBodHRwczovL2Rvd25sb2FkLmRvY2tlci5jb20vbGludXgvdWJ1bnR1IFwKICAgICAgJChsc2JfcmVsZWFzZSAtY3MpIHN0YWJsZSIgfCB0ZWUgL2V0Yy9hcHQvc291cmNlcy5saXN0LmQvZG9ja2VyLmxpc3QgPiAvZGV2L251bGwKICAgICAgYXB0LWdldCB1cGRhdGUgLXkKICAgICAgYXB0LWdldCBpbnN0YWxsIC15IGRvY2tlci1jZT01OjIwLjEwLjd+My0wfnVidW50dS1mb2NhbCBkb2NrZXItY2UtY2xpPTU6MjAuMTAuN34zLTB+dWJ1bnR1LWZvY2FsIGNvbnRhaW5lcmQuaW8KICAgIGVsaWYgW1sgIiRvc19kaXN0cm8iID09ICJhbXpuMiIgXV07IHRoZW4KICAgICAgIyBodHRwczovL2RvY3MuYXdzLmFtYXpvbi5jb20vQW1hem9uRUNTL2xhdGVzdC9kZXZlbG9wZXJndWlkZS9kb2NrZXItYmFzaWNzLmh0bWwKICAgICAgZWNobyAiW0lORk9dIEluc3RhbGxpbmcgRG9ja2VyIGZvciBBbWF6b24gTGludXggMi4iCiAgICAgIGFtYXpvbi1saW51eC1leHRyYXMgZW5hYmxlIGRvY2tlcgogICAgICB5dW0gaW5zdGFsbCAteSBkb2NrZXItMjAuMTAuNy0zLmFtem4yCiAgICBlbGlmIFtbICIkb3NfZGlzdHJvIiA9PSAiY2VudG9zIiBdXTsgdGhlbgogICAgICAjIGh0dHBzOi8vZG9jcy5kb2NrZXIuY29tL2VuZ2luZS9pbnN0YWxsL2NlbnRvcy8KICAgICAgZWNobyAiW0lORk9dIEluc3RhbGxpbmcgRG9ja2VyIGZvciBDZW50T1MuIgogICAgICB5dW0gaW5zdGFsbCAteSB5dW0tdXRpbHMKICAgICAgeXVtLWNvbmZpZy1tYW5hZ2VyIC0tYWRkLXJlcG8gaHR0cHM6Ly9kb3dubG9hZC5kb2NrZXIuY29tL2xpbnV4L2NlbnRvcy9kb2NrZXItY2UucmVwbwogICAgICB5dW0gaW5zdGFsbCAteSBkb2NrZXItY2UtMjAuMTAuNy0zLmVsNyBkb2NrZXItY2UtY2xpLTIwLjEwLjctMy5lbDcgY29udGFpbmVyZC5pbwogICAgZWxpZiBbWyAiJG9zX2Rpc3RybyIgPT0gInJoZWwiIF1dOyB0aGVuCiAgICAgICMgaHR0cHM6Ly9kb2NzLmRvY2tlci5jb20vZW5naW5lL2luc3RhbGwvcmhlbC8gLSBjdXJyZW50bHkgYnJva2VuCiAgICAgIGVjaG8gIltFUlJPUl0gJ2RvY2tlcicgbXVzdCBiZSBpbnN0YWxsZWQgYXMgYSBwcmVyZXEgb24gUkhFTC4gRXhpdGluZy4iCiAgICAgIGV4aXRfc2NyaXB0IDQKICAgIGZpCiAgICBzeXN0ZW1jdGwgZW5hYmxlIC0tbm93IGRvY2tlci5zZXJ2aWNlCiAgZmkKfQoKaW5zdGFsbF9kZXBlbmRlbmNpZXMoKSB7CiAgbG9jYWwgYWlyZ2FwX2luc3RhbGw9IiQxIgogIGxvY2FsIG9zX2Rpc3Rybz0iJDIiCiAgbG9jYWwgcGtnX3JlcG9zX3JlYWNoYWJsZV93aXRoX2FpcmdhcD0iJDMiCiAgbG9jYWwgaW5zdGFsbF9kb2NrZXJfYmVmb3JlPSIkNCIKCiAgaWYgW1sgIiRhaXJnYXBfaW5zdGFsbCIgPT0gInRydWUiIF1dICYmIFtbICIkcGtnX3JlcG9zX3JlYWNoYWJsZV93aXRoX2FpcmdhcCIgPT0gImZhbHNlIiBdXTsgdGhlbgogICAgZWNobyAiW0lORk9dIENoZWNraW5nIGlmIHByZXJlcSBzb2Z0d2FyZSBkZXBlZGVuY2llcyBleGlzdCBmb3IgJ2FpcmdhcCcgaW5zdGFsbC4iCiAgICBpZiBbWyAteiAiJChjb21tYW5kIC12IGpxKSIgXV07IHRoZW4KICAgICAgZWNobyAiW0VSUk9SXSAnanEnIG5vdCBkZXRlY3RlZCBvbiBzeXN0ZW0uIEVuc3VyZSAnanEnIGlzIGluc3RhbGxlZCBvbiBpbWFnZSBiZWZvcmUgcnVubmluZy4iCiAgICAgIGV4aXRfc2NyaXB0IDIKICAgIGZpCiAgICBpZiBbWyAteiAiJChjb21tYW5kIC12IHVuemlwKSIgXV07IHRoZW4KICAgICAgZWNobyAiW0VSUk9SXSAndW56aXAnIG5vdCBkZXRlY3RlZCBvbiBzeXN0ZW0uIEVuc3VyZSAndW56aXAnIGlzIGluc3RhbGxlZCBvbiBpbWFnZSBiZWZvcmUgcnVubmluZy4iCiAgICAgIGV4aXRfc2NyaXB0IDMKICAgIGZpCiAgICBpZiBbWyAteiAiJChjb21tYW5kIC12IGRvY2tlcikiIF1dOyB0aGVuCiAgICAgIGVjaG8gIltFUlJPUl0gJ2RvY2tlcicgd2FzIG5vdCBkZXRlY3RlZCBvbiBzeXN0ZW0uIEVuc3VyZSAnZG9ja2VyJyBpcyBpbnN0YWxsZWQgb24gaW1hZ2UgYmVmb3JlIHJ1bm5pbmcuIgogICAgICBleGl0X3NjcmlwdCA0CiAgICBmaQogICAgaWYgW1sgLXogIiQoY29tbWFuZCAtdiBhd3MpIiBdXTsgdGhlbgogICAgICBlY2hvICJbRVJST1JdICdhd3MtY2xpJyBub3QgZGV0ZWN0ZWQgb24gc3lzdGVtLiBFbnN1cmUgJ2F3cy1jbGknIGlzIGluc3RhbGxlZCBvbiBpbWFnZSBiZWZvcmUgcnVubmluZy4iCiAgICAgIGV4aXRfc2NyaXB0IDUKICAgIGZpCiAgZWxzZQogICAgZWNobyAiW0lORk9dIFByZXBhcmluZyB0byBpbnN0YWxsIHByZXJlcSBzb2Z0d2FyZSBkZXBlbmRlY2llcy4iCiAgICBpZiBbWyAiJG9zX2Rpc3RybyIgPT0gInVidW50dSIgXV07IHRoZW4KICAgICAgZWNobyAiW0lORk9dIEluc3RhbGxpbmcgc29mdHdhcmUgZGVwZW5kZW5jaWVzIGZvciBVYnVudHUuIgogICAgICBhcHQtZ2V0IHVwZGF0ZSAteQogICAgICBhcHQtZ2V0IGluc3RhbGwgLXkganEgdW56aXAKICAgIGVsaWYgW1sgIiRvc19kaXN0cm8iID09ICJhbXpuMiIgXV07IHRoZW4gCiAgICAgIGVjaG8gIltJTkZPXSBJbnN0YWxsaW5nIHNvZnR3YXJlIGRlcGVuZGVuY2llcyBmb3IgQW1hem9uIExpbnV4IDIuIgogICAgICB5dW0gdXBkYXRlIC15CiAgICAgIHl1bSBpbnN0YWxsIC15IGpxIHVuemlwCiAgICBlbGlmIFtbICIkb3NfZGlzdHJvIiA9PSAiY2VudG9zIiBdXTsgdGhlbiAKICAgICAgZWNobyAiW0lORk9dIEluc3RhbGxpbmcgc29mdHdhcmUgZGVwZW5kZW5jaWVzIGZvciBDZW50T1MuIgogICAgICB5dW0gaW5zdGFsbCAteSBlcGVsLXJlbGVhc2UKICAgICAgeXVtIHVwZGF0ZSAteQogICAgICB5dW0gaW5zdGFsbCAteSBqcSB1bnppcAogICAgZWxpZiBbWyAiJG9zX2Rpc3RybyIgPT0gInJoZWwiIF1dOyB0aGVuIAogICAgICBlY2hvICJbSU5GT10gSW5zdGFsbGluZyBzb2Z0d2FyZSBkZXBlbmRlbmNpZXMgZm9yIFJIRUwuIgogICAgICB5dW0gaW5zdGFsbCAteSBodHRwczovL2RsLmZlZG9yYXByb2plY3Qub3JnL3B1Yi9lcGVsL2VwZWwtcmVsZWFzZS1sYXRlc3QtNy5ub2FyY2gucnBtCiAgICAgIHl1bSB1cGRhdGUgLXkKICAgICAgeXVtIGluc3RhbGwgLXkganEgdW56aXAKICAgIGZpCiAgICBpZiBbWyAiJGluc3RhbGxfZG9ja2VyX2JlZm9yZSIgPT0gInRydWUiIF1dIHx8IFtbICIkYWlyZ2FwX2luc3RhbGwiID09ICJ0cnVlIiBdXTsgdGhlbgogICAgICBpbnN0YWxsX2RvY2tlciAiJG9zX2Rpc3RybyIKICAgIGZpCiAgICBpbnN0YWxsX2F3c2NsaQogIGZpCn0KCnJldHJpZXZlX29ial9mcm9tX3MzKCkgewogIGxvY2FsIHNyYz0iJDEiCiAgbG9jYWwgZHN0PSIkMiIKCiAgaWYgW1sgIiRzcmMiID09ICIiIF1dOyB0aGVuCiAgICBlY2hvICJbRVJST1JdIERpZCBub3QgZGV0ZWN0IGEgdmFsaWQgcGF0aC4iCiAgICBleGl0X3NjcmlwdCAxMAogIGVsc2UKICAgIGVjaG8gIltJTkZPXSBDb3B5aW5nICRzcmMgdG8gJGRzdC4uLiIKICAgIGF3cyBzMyBjcCAiJHNyYyIgIiRkc3QiCiAgZmkKfQoKcmV0cmlldmVfdGZlX2NlcnQoKSB7CiAgZWNobyAiW0lORk9dIFJldHJpZXZpbmcgVEZFIFRMUy9TU0wgY2VydGlmaWNhdGUgZnJvbSAuIgogIFRGRV9DRVJUPSQoYXdzIHNlY3JldHNtYW5hZ2VyIGdldC1zZWNyZXQtdmFsdWUgLS1yZWdpb24gJFJFR0lPTiAtLXNlY3JldC1pZCAgLS1xdWVyeSBTZWNyZXRTdHJpbmcgLS1vdXRwdXQgdGV4dCkKICBlY2hvICIkVEZFX0NFUlQiID4gJFRGRV9DT05GSUdfRElSL2NlcnQucGVtCn0KCnJldHJpZXZlX3RmZV9wcml2a2V5KCkgewogIGVjaG8gIltJTkZPXSBSZXRyaWV2aW5nIFRGRSBUTFMvU1NMIHByaXZhdGUga2V5IGZyb20gLiIKICBURkVfUFJJVktFWT0kKGF3cyBzZWNyZXRzbWFuYWdlciBnZXQtc2VjcmV0LXZhbHVlIC0tcmVnaW9uICRSRUdJT04gLS1zZWNyZXQtaWQgIC0tcXVlcnkgU2VjcmV0U3RyaW5nIC0tb3V0cHV0IHRleHQpCiAgZWNobyAiJFRGRV9QUklWS0VZIiB8IGJhc2U2NCAtZCA+ICRURkVfQ09ORklHX0RJUi9wcml2a2V5LnBlbQp9CgpyZXRyaWV2ZV9jYV9idW5kbGUoKSB7CiAgQ0FfQ0VSVFM9JChhd3Mgc2VjcmV0c21hbmFnZXIgZ2V0LXNlY3JldC12YWx1ZSAtLXJlZ2lvbiAkUkVHSU9OIC0tc2VjcmV0LWlkICAtLXF1ZXJ5IFNlY3JldFN0cmluZyAtLW91dHB1dCB0ZXh0KQogIGVjaG8gIiRDQV9DRVJUUyIKfQoKcmV0cmlldmVfaW5zdGFsbF9zZWNyZXQoKSB7CiAgbG9jYWwgc2VjX2tleT0iJDEiCiAgbG9jYWwgc2VjX3ZhbHVlPSIkMiIKICBsb2NhbCBzZWNfcmVnaW9uPSIkMyIKICBsb2NhbCBzZWNfYXJuPSIkNCIKCiAgaWYgW1sgIiRzZWNfdmFsdWUiID09ICJhd3Nfc2VjcmV0c21hbmFnZXIiIF1dOyB0aGVuCiAgICBpZiBbWyAiJHNlY19hcm4iID09ICIiIF1dOyB0aGVuCiAgICAgIGVjaG8gIltFUlJPUl0gJ3RmZV9pbnN0YWxsX3NlY3JldHNfYXJuJyB3YXMgbm90IHNldC4iCiAgICAgIGV4aXRfc2NyaXB0IDIwCiAgICBlbHNlCiAgICAgIFNFQ1JFVD0kKGF3cyBzZWNyZXRzbWFuYWdlciBnZXQtc2VjcmV0LXZhbHVlIC0tcmVnaW9uICRzZWNfcmVnaW9uIC0tc2VjcmV0LWlkICRzZWNfYXJuIC0tcXVlcnkgU2VjcmV0U3RyaW5nIC0tb3V0cHV0IHRleHQgfCBqcSAtciAuJHNlY19rZXkpCiAgICBmaQogIGVsc2UKICAgIFNFQ1JFVD0kc2VjX3ZhbHVlCiAgZmkKCiAgZWNobyAiJFNFQ1JFVCIKfQoKY29uZmlndXJlX2xvZ19mb3J3YXJkaW5nX2Nsb3Vkd2F0Y2goKSB7CiAgZWNobyAiSU5GTzogQ29uZmlndXJpbmcgRmx1ZW50IEJpdCBsb2cgZm9yd2FyZGluZyB3aXRoIEFXUyBDbG91ZFdhdGNoIGxvZyBncm91cCB0YXJnZXQuIgogIGNhdCA+ICIkVEZFX0NPTkZJR19ESVIvZmx1ZW50LWJpdC5jb25mIiA8PCBFT0YKW09VVFBVVF0KICAgIE5hbWUgICAgICAgICAgICAgICBjbG91ZHdhdGNoX2xvZ3MKICAgIE1hdGNoICAgICAgICAgICAgICAqCiAgICByZWdpb24gICAgICAgICAgICAgJFJFR0lPTgogICAgbG9nX2dyb3VwX25hbWUgICAgIAogICAgbG9nX3N0cmVhbV9wcmVmaXggIHRmZS1sb2dzLXByZWZpeC0KRU9GCgogIExPR19GT1JXQVJESU5HX0NPTkZJRz0kKHNlZCAtRSAnOmE7TjskIWJhO3MvXHJ7MCwxfVxuL1xcbi9nJyAkVEZFX0NPTkZJR19ESVIvZmx1ZW50LWJpdC5jb25mKQp9Cgpjb25maWd1cmVfbG9nX2ZvcndhcmRpbmdfczMoKSB7CiAgZWNobyAiSU5GTzogQ29uZmlndXJpbmcgRmx1ZW50IEJpdCBsb2cgZm9yd2FyZGluZyB3aXRoIEFXUyBTMyB0YXJnZXQuIgogIGNhdCA+ICIkVEZFX0NPTkZJR19ESVIvZmx1ZW50LWJpdC5jb25mIiA8PCBFT0YKW09VVFBVVF0KICAgIE5hbWUgICAgICAgICAgICAgICAgICAgICAgICAgczMKICAgIE1hdGNoICAgICAgICAgICAgICAgICAgICAgICAgKgogICAgcmVnaW9uICAgICAgICAgICAgICAgICAgICAgICAkUkVHSU9OCiAgICBidWNrZXQgICAgICAgICAgICAgICAgICAgICAgIAogICAgdG90YWxfZmlsZV9zaXplICAgICAgICAgICAgICAyNTBNCiAgICBzM19rZXlfZm9ybWF0ICAgICAgICAgICAgICAgIC9cJFRBRy8lWS8lbS8lZC8lSC8lTS8lUy9cJFVVSUQuZ3oKICAgIHMzX2tleV9mb3JtYXRfdGFnX2RlbGltaXRlcnMgLi0KRU9GCgogIExPR19GT1JXQVJESU5HX0NPTkZJRz0kKHNlZCAtRSAnOmE7TjskIWJhO3MvXHJ7MCwxfVxuL1xcbi9nJyAkVEZFX0NPTkZJR19ESVIvZmx1ZW50LWJpdC5jb25mKQp9Cgpkb2NrZXJfcHVsbF9mcm9tX2VjcigpIHsKICBhd3MgZWNyIGdldC1sb2dpbi1wYXNzd29yZCAtLXJlZ2lvbiAkUkVHSU9OIHwgZG9ja2VyIGxvZ2luIC0tdXNlcm5hbWUgQVdTIC0tcGFzc3dvcmQtc3RkaW4gCiAgZG9ja2VyIHB1bGwgaGFzaGljb3JwL2J1aWxkLXdvcmtlcjpub3cKfQoKZXhpdF9zY3JpcHQoKSB7IAogIGlmIFtbICIkMSIgPT0gMCBdXTsgdGhlbgogICAgZWNobyAiW0lORk9dIFRGRSB1c2VyX2RhdGEgc2NyaXB0IGZpbmlzaGVkIHN1Y2Nlc3NmdWxseSEiCiAgZWxzZQogICAgZWNobyAiW0VSUk9SXSBURkUgdXNlcl9kYXRhIHNjcmlwdCBmaW5pc2hlZCB3aXRoIGVycm9yIGNvZGUgJDEuIgogIGZpCiAgCiAgZXhpdCAiJDEiCn0KCm1haW4oKSB7CiAgZWNobyAiW0lORk9dIEJlZ2lubmluZyBURkUgdXNlcl9kYXRhIHNjcmlwdC4iCiAgb3NfZGlzdHJvX3Jlc3VsdD0kKGRldGVybWluZV9vc19kaXN0cm8pCiAgZWNobyAiW0lORk9dIERldGVjdGVkIE9TIGRpc3RybyBpcyAnJG9zX2Rpc3Ryb19yZXN1bHQnLiIKICBpbnN0YWxsX2RlcGVuZGVuY2llcyAiZmFsc2UiICIkb3NfZGlzdHJvX3Jlc3VsdCIgImZhbHNlIiAiZmFsc2UiCgogIFJFR0lPTj11cy13ZXN0LTIKICBFQzJfUFJJVkFURV9JUD0kKGN1cmwgLXMgaHR0cDovLzE2OS4yNTQuMTY5LjI1NC9sYXRlc3QvbWV0YS1kYXRhL2xvY2FsLWlwdjQpCiAgVEZFX0lOU1RBTExFUl9ESVI9Ii9vcHQvdGZlL2luc3RhbGxlciIKICBURkVfQ09ORklHX0RJUj0iL2V0YyIKICBURkVfU0VUVElOR1NfUEFUSD0iJFRGRV9DT05GSUdfRElSL3RmZS1zZXR0aW5ncy5qc29uIgogIFRGRV9MSUNFTlNFX1BBVEg9IiRURkVfQ09ORklHX0RJUi9saWNlbnNlLnJsaSIKICBURkVfQUlSR0FQX1BBVEg9IiRURkVfSU5TVEFMTEVSX0RJUi90ZmUtYnVuZGxlLmFpcmdhcCIKICBSRVBMX0JVTkRMRV9QQVRIPSIkVEZFX0lOU1RBTExFUl9ESVIvcmVwbGljYXRlZC50YXIuZ3oiCiAgUkVQTF9DT05GX1BBVEg9IiRURkVfQ09ORklHX0RJUi9yZXBsaWNhdGVkLmNvbmYiCiAgCiAgbWtkaXIgLXAgJFRGRV9JTlNUQUxMRVJfRElSCiAgCiAgcmV0cmlldmVfb2JqX2Zyb21fczMgInMzOi8vdXNlZnVsLXBpcmFuaGEtYm9vdHN0cmFwL3RmZV9saWNlbnNlLnJsaSIgIiRURkVfTElDRU5TRV9QQVRIIgoKICBpZiBbWyAiZmFsc2UiID09ICJ0cnVlIiBdXTsgdGhlbgogICAgIyByZXRyaWV2ZSBURkUgaW5zdGFsbCBmaWxlcyBmcm9tIGJvb3RzdHJhcCBidWNrZXQgZm9yICdhaXJnYXAnIGluc3RhbGwKICAgIHJldHJpZXZlX29ial9mcm9tX3MzICIiICIkVEZFX0FJUkdBUF9QQVRIIgogICAgcmV0cmlldmVfb2JqX2Zyb21fczMgIiIgIiRSRVBMX0JVTkRMRV9QQVRIIgogIGVsc2UKICAgICMgcmV0cmlldmUgJ2luc3RhbGwuc2gnIHNjcmlwdCBmb3IgJ29ubGluZScgaW5zdGFsbAogICAgZWNobyAiW0lORk9dIFJldHJpZXZpbmcgVEZFIGluc3RhbGwgc2NyaXB0IGRpcmVjdGx5IGZyb20gUmVwbGljYXRlZC4iCiAgICBjdXJsIGh0dHBzOi8vaW5zdGFsbC50ZXJyYWZvcm0uaW8vcHRmZS9zdGFibGUgLW8gIiRURkVfSU5TVEFMTEVSX0RJUi9pbnN0YWxsLnNoIgogIGZpCiAgICAKICAjIG9wdGlvbmFsbHkgcmV0cmlldmUgY2VydHMKICBpZiBbWyAiIiAhPSAiIiBdXTsgdGhlbgogICAgcmV0cmlldmVfdGZlX2NlcnQKICBmaQogIAogIGlmIFtbICIiICE9ICIiIF1dOyB0aGVuCiAgICByZXRyaWV2ZV90ZmVfcHJpdmtleQogIGZpCgogIGlmIFtbICIiICE9ICIiIF1dOyB0aGVuCiAgICBlY2hvICJbSU5GT10gUmV0cmlldmluZyBjdXN0b20gQ0EgYnVuZGxlIGZyb20gLiIKICAgIENBX0NFUlRTPSQocmV0cmlldmVfY2FfYnVuZGxlKQogIGVsc2UKICAgIENBX0NFUlRTPSIiCiAgZmkKCiAgIyByZXRyaWV2ZSBpbnN0YWxsIHNlY3JldHMKICBlY2hvICJbSU5GT10gUmV0cmlldmluZyBpbnN0YWxsIHNlY3JldCAnY29uc29sZV9wYXNzd29yZCcuIgogIENPTlNPTEVfUEFTU1dPUkQ9JChyZXRyaWV2ZV9pbnN0YWxsX3NlY3JldCAiY29uc29sZV9wYXNzd29yZCIgIkhhc2hpQ29ycDEyMyIgIiRSRUdJT04iICIiKQogIGVjaG8gIltJTkZPXSBSZXRyaWV2aW5nIGluc3RhbGwgc2VjcmV0ICdlbmNfcGFzc3dvcmQnLiIKICBFTkNfUEFTU1dPUkQ9JChyZXRyaWV2ZV9pbnN0YWxsX3NlY3JldCAiZW5jX3Bhc3N3b3JkIiAiSGFzaGlDb3JwMTIzIiAiJFJFR0lPTiIgIiIpCiAKICAjIGVuYWJsZSAmIGNvbmZpZ3VyZSBsb2cgZm9yd2FyZGluZyB3aXRoIEZsdWVudCBCaXQKICAjIGh0dHBzOi8vd3d3LnRlcnJhZm9ybS5pby9kb2NzL2VudGVycHJpc2UvYWRtaW4vbG9nZ2luZy5odG1sI2VuYWJsZS1sb2ctZm9yd2FyZGluZwogIGlmIFtbICIwIiA9PSAiMSIgJiYgInMzIiA9PSAiY2xvdWR3YXRjaF9sb2dzIiBdXTsgdGhlbgogICAgY29uZmlndXJlX2xvZ19mb3J3YXJkaW5nX2Nsb3Vkd2F0Y2gKICBlbGlmIFtbICIwIiA9PSAiMSIgJiYgInMzIiA9PSAiczMiIF1dOyB0aGVuCiAgICBjb25maWd1cmVfbG9nX2ZvcndhcmRpbmdfczMKICBlbHNlCiAgICBMT0dfRk9SV0FSRElOR19DT05GSUc9IiIKICBmaQogIAogICMgZ2VuZXJhdGUgUmVwbGljYXRlZCBjb25maWcgZmlsZQogICMgaHR0cHM6Ly9oZWxwLnJlcGxpY2F0ZWQuY29tL2RvY3MvbmF0aXZlL2N1c3RvbWVyLWluc3RhbGxhdGlvbnMvYXV0b21hdGluZy8KICBlY2hvICJbSU5GT10gR2VuZXJhdGluZyAkUkVQTF9DT05GX1BBVEggZmlsZS4iCiAgY2F0ID4gJFJFUExfQ09ORl9QQVRIIDw8IEVPRgp7CiAgIkRhZW1vbkF1dGhlbnRpY2F0aW9uVHlwZSI6ICJwYXNzd29yZCIsCiAgIkRhZW1vbkF1dGhlbnRpY2F0aW9uUGFzc3dvcmQiOiAiJENPTlNPTEVfUEFTU1dPUkQiLAogICJJbXBvcnRTZXR0aW5nc0Zyb20iOiAiJFRGRV9TRVRUSU5HU19QQVRIIiwKICAiUmVsZWFzZVNlcXVlbmNlIjogMCwKICAiTGljZW5zZUZpbGVMb2NhdGlvbiI6ICIkVEZFX0xJQ0VOU0VfUEFUSCIsCiAgIlRsc0Jvb3RzdHJhcEhvc3RuYW1lIjogInRmZS51c2VmdWwtcGlyYW5oYS50cmFpbmluZy5oYXNoaWRlbW9zLmlvIiwKICAiVGxzQm9vdHN0cmFwVHlwZSI6ICJzZWxmLXNpZ25lZCIsCiAgIlJlbW92ZUltcG9ydFNldHRpbmdzRnJvbSI6IGZhbHNlLAogICJCeXBhc3NQcmVmbGlnaHRDaGVja3MiOiB0cnVlCn0KRU9GCgogICMgZ2VuZXJhdGUgVEZFIGFwcCBzZXR0aW5ncyBKU09OIGZpbGUKICAjIGh0dHBzOi8vd3d3LnRlcnJhZm9ybS5pby9kb2NzL2VudGVycHJpc2UvaW5zdGFsbC9hdXRvbWF0aW5nLXRoZS1pbnN0YWxsZXIuaHRtbCNhdmFpbGFibGUtc2V0dGluZ3MKICBlY2hvICJbSU5GT10gR2VuZXJhdGluZyAkVEZFX1NFVFRJTkdTX1BBVEggZmlsZS4iCiAgY2F0ID4gJFRGRV9TRVRUSU5HU19QQVRIIDw8IEVPRgp7CiAgImF3c19hY2Nlc3Nfa2V5X2lkIjoge30sCiAgImF3c19pbnN0YW5jZV9wcm9maWxlIjogewogICAgICAidmFsdWUiOiAiMSIKICB9LAogICJhd3Nfc2VjcmV0X2FjY2Vzc19rZXkiOiB7fSwKICAiYXp1cmVfYWNjb3VudF9rZXkiOiB7fSwKICAiYXp1cmVfYWNjb3VudF9uYW1lIjoge30sCiAgImF6dXJlX2NvbnRhaW5lciI6IHt9LAogICJhenVyZV9lbmRwb2ludCI6IHt9LAogICJiYWNrdXBfdG9rZW4iOiB7fSwKICAiY2FfY2VydHMiOiB7CiAgICAidmFsdWUiOiAiJENBX0NFUlRTIgogIH0sCiAgImNhcGFjaXR5X2NvbmN1cnJlbmN5IjogewogICAgICAidmFsdWUiOiAiMTAiCiAgfSwKICAiY2FwYWNpdHlfY3B1cyI6IHt9LAogICJjYXBhY2l0eV9tZW1vcnkiOiB7CiAgICAgICJ2YWx1ZSI6ICI1MTIiCiAgfSwKICAiY3VzdG9tX2ltYWdlX3RhZyI6IHsKICAgICJ2YWx1ZSI6ICJoYXNoaWNvcnAvYnVpbGQtd29ya2VyOm5vdyIKICB9LAogICJkaXNrX3BhdGgiOiB7fSwKICAiZW5hYmxlX2FjdGl2ZV9hY3RpdmUiOiB7CiAgICAidmFsdWUiOiAiMCIKICB9LAogICJlbmFibGVfbWV0cmljc19jb2xsZWN0aW9uIjogewogICAgICAidmFsdWUiOiAiMSIKICB9LAogICJlbmNfcGFzc3dvcmQiOiB7CiAgICAgICJ2YWx1ZSI6ICIkRU5DX1BBU1NXT1JEIgogIH0sCiAgImV4dGVybl92YXVsdF9hZGRyIjoge30sCiAgImV4dGVybl92YXVsdF9lbmFibGUiOiB7CiAgICAgICJ2YWx1ZSI6ICIwIgogIH0sCiAgImV4dGVybl92YXVsdF9wYXRoIjoge30sCiAgImV4dGVybl92YXVsdF9wcm9wYWdhdGUiOiB7fSwKICAiZXh0ZXJuX3ZhdWx0X3JvbGVfaWQiOiB7fSwKICAiZXh0ZXJuX3ZhdWx0X3NlY3JldF9pZCI6IHt9LAogICJleHRlcm5fdmF1bHRfdG9rZW5fcmVuZXciOiB7fSwKICAiZXh0cmFfbm9fcHJveHkiOiB7CiAgICAidmFsdWUiOiAiIgogIH0sCiAgImZvcmNlX3RscyI6IHsKICAgICJ2YWx1ZSI6ICIwIgogIH0sCiAgImdjc19idWNrZXQiOiB7fSwKICAiZ2NzX2NyZWRlbnRpYWxzIjoge30sCiAgImdjc19wcm9qZWN0Ijoge30sCiAgImhhaXJwaW5fYWRkcmVzc2luZyI6IHsKICAgICJ2YWx1ZSI6ICIwIgogIH0sCiAgImhvc3RuYW1lIjogewogICAgICAidmFsdWUiOiAidGZlLnVzZWZ1bC1waXJhbmhhLnRyYWluaW5nLmhhc2hpZGVtb3MuaW8iCiAgfSwKICAiaWFjdF9zdWJuZXRfbGlzdCI6IHt9LAogICJpYWN0X3N1Ym5ldF90aW1lX2xpbWl0IjogewogICAgICAidmFsdWUiOiAiNjAiCiAgfSwKICAiaW5zdGFsbGF0aW9uX3R5cGUiOiB7CiAgICAgICJ2YWx1ZSI6ICJwcm9kdWN0aW9uIgogIH0sCiAgImxvZ19mb3J3YXJkaW5nX2NvbmZpZyI6IHsKICAgICJ2YWx1ZSI6ICIkTE9HX0ZPUldBUkRJTkdfQ09ORklHIgogIH0sCiAgImxvZ19mb3J3YXJkaW5nX2VuYWJsZWQiOiB7CiAgICAidmFsdWUiOiAiMCIKICB9LAogICJwZ19kYm5hbWUiOiB7CiAgICAgICJ2YWx1ZSI6ICJ0ZmUiCiAgfSwKICAicGdfZXh0cmFfcGFyYW1zIjogewogICAgICAidmFsdWUiOiAic3NsbW9kZT1yZXF1aXJlIgogIH0sCiAgInBnX25ldGxvYyI6IHsKICAgICAgInZhbHVlIjogInVzZWZ1bC1waXJhbmhhLXRmZS1yZHMtNDY3MzY4MTIxMzc5LmN4M3p1dmNoZnNsZi51cy13ZXN0LTIucmRzLmFtYXpvbmF3cy5jb206NTQzMiIKICB9LAogICJwZ19wYXNzd29yZCI6IHsKICAgICAgInZhbHVlIjogIk1lTkNZZVl0ZFJMeGdUZ1oiCiAgfSwKICAicGdfdXNlciI6IHsKICAgICAgInZhbHVlIjogInRmZSIKICB9LAogICJwbGFjZW1lbnQiOiB7CiAgICAgICJ2YWx1ZSI6ICJwbGFjZW1lbnRfczMiCiAgfSwKICAicHJvZHVjdGlvbl90eXBlIjogewogICAgICAidmFsdWUiOiAiZXh0ZXJuYWwiCiAgfSwKICAicmVkaXNfaG9zdCI6IHsKICAgICJ2YWx1ZSI6ICIiCiAgfSwKICAicmVkaXNfcGFzcyI6IHsKICAgICJ2YWx1ZSI6ICIiCiAgfSwKICAicmVkaXNfcG9ydCI6IHsKICAgICJ2YWx1ZSI6ICIiCiAgfSwKICAicmVkaXNfdXNlX3Bhc3N3b3JkX2F1dGgiOiB7CiAgICAidmFsdWUiOiAiMCIKICB9LAogICJyZWRpc191c2VfdGxzIjogewogICAgInZhbHVlIjogIjAiCiAgfSwKICAicmVzdHJpY3Rfd29ya2VyX21ldGFkYXRhX2FjY2VzcyI6IHsKICAgICJ2YWx1ZSI6ICIwIgogIH0sCiAgInMzX2J1Y2tldCI6IHsKICAgICAgInZhbHVlIjogInVzZWZ1bC1waXJhbmhhLXRmZS1hcHAtdXMtd2VzdC0yLTQ2NzM2ODEyMTM3OSIKICB9LAogICJzM19lbmRwb2ludCI6IHt9LAogICJzM19yZWdpb24iOiB7CiAgICAgICJ2YWx1ZSI6ICJ1cy13ZXN0LTIiCiAgfSwKICAiczNfc3NlIjoge30sCiAgInMzX3NzZV9rbXNfa2V5X2lkIjoge30sCiAgInRid19pbWFnZSI6IHsKICAgICAgInZhbHVlIjogImRlZmF1bHRfaW1hZ2UiCiAgfSwKICAidGxzX2NpcGhlcnMiOiB7fSwKICAidGxzX3ZlcnMiOiB7CiAgICAgICJ2YWx1ZSI6ICJ0bHNfMV8yX3Rsc18xXzMiCiAgfQp9CkVPRgoKICAjIGV4ZWN1dGUgdGhlIFRGRSBpbnN0YWxsZXIgc2NyaXB0CiAgY2QgJFRGRV9JTlNUQUxMRVJfRElSCiAgaWYgW1sgImZhbHNlIiA9PSAidHJ1ZSIgXV07IHRoZW4KICAgIGVjaG8gIltJTkZPXSBFeHRyYWN0aW5nIFJlcGxpY2F0ZWQgdGFyYmFsbCBmb3IgJ2FpcmdhcCcgaW5zdGFsbC4iCiAgICB0YXIgeHpmICRSRVBMX0JVTkRMRV9QQVRIIC1DICRURkVfSU5TVEFMTEVSX0RJUgogICAgZWNobyAiW0lORk9dIEV4ZWN1dGluZyBURkUgaW5zdGFsbCBpbiAnYWlyZ2FwJyBtb2RlLiIKICBlbHNlCiAgICBlY2hvICJbSU5GT10gRXhlY3V0aW5nIFRGRSBpbnN0YWxsIGluICdvbmxpbmUnIG1vZGUuIgogIGZpCgogIGJhc2ggLi9pbnN0YWxsLnNoIFwKICAgIG5vLXByb3h5IFwKICAgIHByaXZhdGUtYWRkcmVzcz0kRUMyX1BSSVZBVEVfSVAgXAogICAgcHVibGljLWFkZHJlc3M9JEVDMl9QUklWQVRFX0lQCgogICMgZG9ja2VyIHB1bGwgY3VzdG9tIHRidyBpbWFnZSBpZiBhIGN1c3RvbSBpbWFnZSB0YWcgd2FzIHByb3ZpZGVkCiAgaWYgW1sgZGVmYXVsdF9pbWFnZSA9PSAiY3VzdG9tX2ltYWdlIiAmJiBoYXNoaWNvcnAvYnVpbGQtd29ya2VyOm5vdyAhPSAiaGFzaGljb3JwL2J1aWxkLXdvcmtlcjpub3ciIF1dOyB0aGVuCiAgICBlY2hvICJbSU5GT10gRGV0ZWN0ZWQgY3VzdG9tIFRCVyBpbWFnZSB3YXMgc3BlY2lmaWVkLiBBdHRlbXB0aW5nIHRvIGRvY2tlciBwdWxsIGhhc2hpY29ycC9idWlsZC13b3JrZXI6bm93LiIKICAgIGRvY2tlcl9wdWxsX2Zyb21fZWNyCiAgZmkKCiAgZWNobyAiW0lORk9dIFNsZWVwaW5nIGZvciBhIG1pbnV0ZSB3aGlsZSBURkUgaW5pdGlhbGl6ZXMuIgogIHNsZWVwIDYwCgogIGVjaG8gIltJTkZPXSBQb2xsaW5nIFRGRSBoZWFsdGggY2hlY2sgZW5kcG9pbnQgdW50aWwgYXBwIGJlY29tZXMgcmVhZHkuLi4iCiAgd2hpbGUgISBjdXJsIC1rc2ZTIC0tY29ubmVjdC10aW1lb3V0IDUgaHR0cHM6Ly8kRUMyX1BSSVZBVEVfSVAvX2hlYWx0aF9jaGVjazsgZG8KICAgIHNsZWVwIDUKICBkb25lCgogIGV4aXRfc2NyaXB0IDAKfQoKbWFpbiAiJEAi",
            "vpc_security_group_ids": [
              "sg-0297bf2bd7f322772",
              "sg-0a7fdeab3e7529e64"
            ]
          },
          "sensitive_attributes": [
            [
              {
                "type": "get_attr",
                "value": "user_data"
              }
            ]
          ],
          "private": "bnVsbA==",
          "dependencies": [
            "aws_key_pair.sshkey",
            "aws_s3_bucket_object.license",
            "data.aws_s3_bucket.bootstrap_bucket",
            "module.tfe.aws_db_instance.tfe",
            "module.tfe.aws_db_subnet_group.rds",
            "module.tfe.aws_elasticache_replication_group.redis_cluster",
            "module.tfe.aws_iam_instance_profile.instance_profile",
            "module.tfe.aws_iam_role.instance_role",
            "module.tfe.aws_iam_role.s3_crr",
            "module.tfe.aws_rds_cluster.tfe",
            "module.tfe.aws_s3_bucket.app",
            "module.tfe.aws_security_group.ec2_egress_allow",
            "module.tfe.aws_security_group.ec2_ingress_allow",
            "module.tfe.aws_security_group.rds_ingress_allow",
            "module.tfe.data.aws_ami.amzn2",
            "module.tfe.data.aws_ami.centos",
            "module.tfe.data.aws_ami.rhel",
            "module.tfe.data.aws_ami.ubuntu",
            "module.tfe.data.aws_caller_identity.current",
            "module.tfe.data.aws_ecr_repository.custom_tbw_image",
            "module.tfe.data.aws_region.current",
            "module.vpc.aws_subnet.public",
            "module.vpc.aws_vpc.this",
            "module.vpc.aws_vpc_ipv4_cidr_block_association.this",
            "random_password.rds_password"
          ]
        }
      ]
    },
    {
      "module": "module.tfe",
      "mode": "managed",
      "type": "aws_lb",
      "name": "alb",
      "provider": "provider[\"registry.terraform.io/hashicorp/aws\"]",
      "instances": [
        {
          "index_key": 0,
          "schema_version": 0,
          "attributes": {
            "access_logs": [
              {
                "bucket": "",
                "enabled": false,
                "prefix": ""
              }
            ],
            "arn": "arn:aws:elasticloadbalancing:us-west-2:467368121379:loadbalancer/app/useful-piranha-tfe-web-alb/a39ec2f2c0b3e2db",
            "arn_suffix": "app/useful-piranha-tfe-web-alb/a39ec2f2c0b3e2db",
            "customer_owned_ipv4_pool": "",
            "dns_name": "useful-piranha-tfe-web-alb-1753913486.us-west-2.elb.amazonaws.com",
            "drop_invalid_header_fields": false,
            "enable_cross_zone_load_balancing": null,
            "enable_deletion_protection": false,
            "enable_http2": true,
            "id": "arn:aws:elasticloadbalancing:us-west-2:467368121379:loadbalancer/app/useful-piranha-tfe-web-alb/a39ec2f2c0b3e2db",
            "idle_timeout": 60,
            "internal": false,
            "ip_address_type": "ipv4",
            "load_balancer_type": "application",
            "name": "useful-piranha-tfe-web-alb",
            "name_prefix": null,
            "security_groups": [
              "sg-06a70ad9c9ec883eb",
              "sg-08e3ec6b9edc7a4ed"
            ],
            "subnet_mapping": [
              {
                "allocation_id": "",
                "ipv6_address": "",
                "outpost_id": "",
                "private_ipv4_address": "",
                "subnet_id": "subnet-0b6c05c6fab657c78"
              },
              {
                "allocation_id": "",
                "ipv6_address": "",
                "outpost_id": "",
                "private_ipv4_address": "",
                "subnet_id": "subnet-0cc9738f092be1ba7"
              },
              {
                "allocation_id": "",
                "ipv6_address": "",
                "outpost_id": "",
                "private_ipv4_address": "",
                "subnet_id": "subnet-0d99496cc0077c828"
              }
            ],
            "subnets": [
              "subnet-0b6c05c6fab657c78",
              "subnet-0cc9738f092be1ba7",
              "subnet-0d99496cc0077c828"
            ],
            "tags": {
              "Name": "useful-piranha-tfe-alb"
            },
            "tags_all": {
              "Name": "useful-piranha-tfe-alb"
            },
            "timeouts": null,
            "vpc_id": "vpc-0186472bb01a51414",
            "zone_id": "Z1H1FL5HABSF5"
          },
          "sensitive_attributes": [],
          "private": "eyJlMmJmYjczMC1lY2FhLTExZTYtOGY4OC0zNDM2M2JjN2M0YzAiOnsiY3JlYXRlIjo2MDAwMDAwMDAwMDAsImRlbGV0ZSI6NjAwMDAwMDAwMDAwLCJ1cGRhdGUiOjYwMDAwMDAwMDAwMH19",
          "dependencies": [
            "module.tfe.aws_security_group.alb_egress_allow",
            "module.tfe.aws_security_group.alb_ingress_allow",
            "module.vpc.aws_subnet.public",
            "module.vpc.aws_vpc.this",
            "module.vpc.aws_vpc_ipv4_cidr_block_association.this"
          ]
        }
      ]
    },
    {
      "module": "module.tfe",
      "mode": "managed",
      "type": "aws_lb_listener",
      "name": "alb_443",
      "provider": "provider[\"registry.terraform.io/hashicorp/aws\"]",
      "instances": [
        {
          "index_key": 0,
          "schema_version": 0,
          "attributes": {
            "alpn_policy": null,
            "arn": "arn:aws:elasticloadbalancing:us-west-2:467368121379:listener/app/useful-piranha-tfe-web-alb/a39ec2f2c0b3e2db/2f9298e56370a0bf",
            "certificate_arn": "arn:aws:acm:us-west-2:467368121379:certificate/31742d24-125b-4ba8-a1b2-117053fa23b5",
            "default_action": [
              {
                "authenticate_cognito": [],
                "authenticate_oidc": [],
                "fixed_response": [],
                "forward": [],
                "order": 1,
                "redirect": [],
                "target_group_arn": "arn:aws:elasticloadbalancing:us-west-2:467368121379:targetgroup/useful-piranha-tfe-alb-tg-443/e0dc39621666dfb4",
                "type": "forward"
              }
            ],
            "id": "arn:aws:elasticloadbalancing:us-west-2:467368121379:listener/app/useful-piranha-tfe-web-alb/a39ec2f2c0b3e2db/2f9298e56370a0bf",
            "load_balancer_arn": "arn:aws:elasticloadbalancing:us-west-2:467368121379:loadbalancer/app/useful-piranha-tfe-web-alb/a39ec2f2c0b3e2db",
            "port": 443,
            "protocol": "HTTPS",
            "ssl_policy": "ELBSecurityPolicy-2016-08",
            "tags": null,
            "tags_all": {},
            "timeouts": null
          },
          "sensitive_attributes": [],
          "private": "eyJlMmJmYjczMC1lY2FhLTExZTYtOGY4OC0zNDM2M2JjN2M0YzAiOnsicmVhZCI6NjAwMDAwMDAwMDAwfX0=",
          "dependencies": [
            "data.aws_acm_certificate.tfe",
            "module.tfe.aws_acm_certificate.cert",
            "module.tfe.aws_lb.alb",
            "module.tfe.aws_lb_target_group.alb_443",
            "module.tfe.aws_security_group.alb_egress_allow",
            "module.tfe.aws_security_group.alb_ingress_allow",
            "module.vpc.aws_subnet.public",
            "module.vpc.aws_vpc.this",
            "module.vpc.aws_vpc_ipv4_cidr_block_association.this"
          ]
        }
      ]
    },
    {
      "module": "module.tfe",
      "mode": "managed",
      "type": "aws_lb_listener",
      "name": "alb_8800",
      "provider": "provider[\"registry.terraform.io/hashicorp/aws\"]",
      "instances": [
        {
          "index_key": 0,
          "schema_version": 0,
          "attributes": {
            "alpn_policy": null,
            "arn": "arn:aws:elasticloadbalancing:us-west-2:467368121379:listener/app/useful-piranha-tfe-web-alb/a39ec2f2c0b3e2db/304eeba80594dc06",
            "certificate_arn": "arn:aws:acm:us-west-2:467368121379:certificate/31742d24-125b-4ba8-a1b2-117053fa23b5",
            "default_action": [
              {
                "authenticate_cognito": [],
                "authenticate_oidc": [],
                "fixed_response": [],
                "forward": [],
                "order": 1,
                "redirect": [],
                "target_group_arn": "arn:aws:elasticloadbalancing:us-west-2:467368121379:targetgroup/useful-piranha-tfe-alb-tg-8800/43ce08e561e4a1ee",
                "type": "forward"
              }
            ],
            "id": "arn:aws:elasticloadbalancing:us-west-2:467368121379:listener/app/useful-piranha-tfe-web-alb/a39ec2f2c0b3e2db/304eeba80594dc06",
            "load_balancer_arn": "arn:aws:elasticloadbalancing:us-west-2:467368121379:loadbalancer/app/useful-piranha-tfe-web-alb/a39ec2f2c0b3e2db",
            "port": 8800,
            "protocol": "HTTPS",
            "ssl_policy": "ELBSecurityPolicy-2016-08",
            "tags": null,
            "tags_all": {},
            "timeouts": null
          },
          "sensitive_attributes": [],
          "private": "eyJlMmJmYjczMC1lY2FhLTExZTYtOGY4OC0zNDM2M2JjN2M0YzAiOnsicmVhZCI6NjAwMDAwMDAwMDAwfX0=",
          "dependencies": [
            "data.aws_acm_certificate.tfe",
            "module.tfe.aws_acm_certificate.cert",
            "module.tfe.aws_lb.alb",
            "module.tfe.aws_lb_target_group.alb_8800",
            "module.tfe.aws_security_group.alb_egress_allow",
            "module.tfe.aws_security_group.alb_ingress_allow",
            "module.vpc.aws_subnet.public",
            "module.vpc.aws_vpc.this",
            "module.vpc.aws_vpc_ipv4_cidr_block_association.this"
          ]
        }
      ]
    },
    {
      "module": "module.tfe",
      "mode": "managed",
      "type": "aws_lb_target_group",
      "name": "alb_443",
      "provider": "provider[\"registry.terraform.io/hashicorp/aws\"]",
      "instances": [
        {
          "index_key": 0,
          "schema_version": 0,
          "attributes": {
            "arn": "arn:aws:elasticloadbalancing:us-west-2:467368121379:targetgroup/useful-piranha-tfe-alb-tg-443/e0dc39621666dfb4",
            "arn_suffix": "targetgroup/useful-piranha-tfe-alb-tg-443/e0dc39621666dfb4",
            "deregistration_delay": "300",
            "health_check": [
              {
                "enabled": true,
                "healthy_threshold": 2,
                "interval": 30,
                "matcher": "200",
                "path": "/_health_check",
                "port": "traffic-port",
                "protocol": "HTTPS",
                "timeout": 5,
                "unhealthy_threshold": 7
              }
            ],
            "id": "arn:aws:elasticloadbalancing:us-west-2:467368121379:targetgroup/useful-piranha-tfe-alb-tg-443/e0dc39621666dfb4",
            "lambda_multi_value_headers_enabled": false,
            "load_balancing_algorithm_type": "round_robin",
            "name": "useful-piranha-tfe-alb-tg-443",
            "name_prefix": null,
            "port": 443,
            "preserve_client_ip": null,
            "protocol": "HTTPS",
            "protocol_version": "HTTP1",
            "proxy_protocol_v2": false,
            "slow_start": 0,
            "stickiness": [
              {
                "cookie_duration": 86400,
                "cookie_name": "",
                "enabled": false,
                "type": "lb_cookie"
              }
            ],
            "tags": {
              "Description": "ALB Target Group for TFE web application HTTPS traffic",
              "Name": "useful-piranha-tfe-alb-tg-443"
            },
            "tags_all": {
              "Description": "ALB Target Group for TFE web application HTTPS traffic",
              "Name": "useful-piranha-tfe-alb-tg-443"
            },
            "target_type": "instance",
            "vpc_id": "vpc-0186472bb01a51414"
          },
          "sensitive_attributes": [],
          "private": "bnVsbA==",
          "dependencies": [
            "module.vpc.aws_vpc.this"
          ]
        }
      ]
    },
    {
      "module": "module.tfe",
      "mode": "managed",
      "type": "aws_lb_target_group",
      "name": "alb_8800",
      "provider": "provider[\"registry.terraform.io/hashicorp/aws\"]",
      "instances": [
        {
          "index_key": 0,
          "schema_version": 0,
          "attributes": {
            "arn": "arn:aws:elasticloadbalancing:us-west-2:467368121379:targetgroup/useful-piranha-tfe-alb-tg-8800/43ce08e561e4a1ee",
            "arn_suffix": "targetgroup/useful-piranha-tfe-alb-tg-8800/43ce08e561e4a1ee",
            "deregistration_delay": "300",
            "health_check": [
              {
                "enabled": true,
                "healthy_threshold": 2,
                "interval": 30,
                "matcher": "200-399",
                "path": "/",
                "port": "traffic-port",
                "protocol": "HTTPS",
                "timeout": 5,
                "unhealthy_threshold": 7
              }
            ],
            "id": "arn:aws:elasticloadbalancing:us-west-2:467368121379:targetgroup/useful-piranha-tfe-alb-tg-8800/43ce08e561e4a1ee",
            "lambda_multi_value_headers_enabled": false,
            "load_balancing_algorithm_type": "round_robin",
            "name": "useful-piranha-tfe-alb-tg-8800",
            "name_prefix": null,
            "port": 8800,
            "preserve_client_ip": null,
            "protocol": "HTTPS",
            "protocol_version": "HTTP1",
            "proxy_protocol_v2": false,
            "slow_start": 0,
            "stickiness": [
              {
                "cookie_duration": 86400,
                "cookie_name": "",
                "enabled": false,
                "type": "lb_cookie"
              }
            ],
            "tags": {
              "Description": "ALB Target Group for TFE/Replicated web admin console traffic over port 8800",
              "Name": "useful-piranha-tfe-alb-tg-8800"
            },
            "tags_all": {
              "Description": "ALB Target Group for TFE/Replicated web admin console traffic over port 8800",
              "Name": "useful-piranha-tfe-alb-tg-8800"
            },
            "target_type": "instance",
            "vpc_id": "vpc-0186472bb01a51414"
          },
          "sensitive_attributes": [],
          "private": "bnVsbA==",
          "dependencies": [
            "module.vpc.aws_vpc.this"
          ]
        }
      ]
    },
    {
      "module": "module.tfe",
      "mode": "managed",
      "type": "aws_route53_record",
      "name": "alias_record",
      "provider": "provider[\"registry.terraform.io/hashicorp/aws\"]",
      "instances": [
        {
          "index_key": 0,
          "schema_version": 2,
          "attributes": {
            "alias": [
              {
                "evaluate_target_health": false,
                "name": "useful-piranha-tfe-web-alb-1753913486.us-west-2.elb.amazonaws.com",
                "zone_id": "Z1H1FL5HABSF5"
              }
            ],
            "allow_overwrite": null,
            "failover_routing_policy": [],
            "fqdn": "tfe.useful-piranha.training.hashidemos.io",
            "geolocation_routing_policy": [],
            "health_check_id": null,
            "id": "Z049349732I0HJ4YXVP7O_tfe.useful-piranha.training.hashidemos.io_A",
            "latency_routing_policy": [],
            "multivalue_answer_routing_policy": null,
            "name": "tfe.useful-piranha.training.hashidemos.io",
            "records": null,
            "set_identifier": null,
            "ttl": null,
            "type": "A",
            "weighted_routing_policy": [],
            "zone_id": "Z049349732I0HJ4YXVP7O"
          },
          "sensitive_attributes": [],
          "private": "eyJzY2hlbWFfdmVyc2lvbiI6IjIifQ==",
          "dependencies": [
            "module.tfe.aws_lb.alb",
            "module.tfe.aws_lb.nlb",
            "module.tfe.aws_security_group.alb_egress_allow",
            "module.tfe.aws_security_group.alb_ingress_allow",
            "module.tfe.data.aws_route53_zone.tfe",
            "module.vpc.aws_subnet.public",
            "module.vpc.aws_vpc.this",
            "module.vpc.aws_vpc_ipv4_cidr_block_association.this"
          ]
        }
      ]
    },
    {
      "module": "module.tfe",
      "mode": "managed",
      "type": "aws_s3_bucket",
      "name": "app",
      "provider": "provider[\"registry.terraform.io/hashicorp/aws\"]",
      "instances": [
        {
          "schema_version": 0,
          "attributes": {
            "acceleration_status": "",
            "acl": "private",
            "arn": "arn:aws:s3:::useful-piranha-tfe-app-us-west-2-467368121379",
            "bucket": "useful-piranha-tfe-app-us-west-2-467368121379",
            "bucket_domain_name": "useful-piranha-tfe-app-us-west-2-467368121379.s3.amazonaws.com",
            "bucket_prefix": null,
            "bucket_regional_domain_name": "useful-piranha-tfe-app-us-west-2-467368121379.s3.us-west-2.amazonaws.com",
            "cors_rule": [],
            "force_destroy": false,
            "grant": [],
            "hosted_zone_id": "Z3BJ6K6RIION7M",
            "id": "useful-piranha-tfe-app-us-west-2-467368121379",
            "lifecycle_rule": [],
            "logging": [],
            "object_lock_configuration": [],
            "policy": null,
            "region": "us-west-2",
            "replication_configuration": [],
            "request_payer": "BucketOwner",
            "server_side_encryption_configuration": [
              {
                "rule": [
                  {
                    "apply_server_side_encryption_by_default": [
                      {
                        "kms_master_key_id": "",
                        "sse_algorithm": "aws:kms"
                      }
                    ],
                    "bucket_key_enabled": false
                  }
                ]
              }
            ],
            "tags": {
              "Description": "TFE object storage",
              "Name": "useful-piranha-tfe-app-us-west-2-467368121379"
            },
            "tags_all": {
              "Description": "TFE object storage",
              "Name": "useful-piranha-tfe-app-us-west-2-467368121379"
            },
            "versioning": [
              {
                "enabled": true,
                "mfa_delete": false
              }
            ],
            "website": [],
            "website_domain": null,
            "website_endpoint": null
          },
          "sensitive_attributes": [],
          "private": "bnVsbA==",
          "dependencies": [
            "module.tfe.aws_iam_role.s3_crr",
            "module.tfe.data.aws_caller_identity.current",
            "module.tfe.data.aws_region.current"
          ]
        }
      ]
    },
    {
      "module": "module.tfe",
      "mode": "managed",
      "type": "aws_security_group",
      "name": "alb_egress_allow",
      "provider": "provider[\"registry.terraform.io/hashicorp/aws\"]",
      "instances": [
        {
          "index_key": 0,
          "schema_version": 1,
          "attributes": {
            "arn": "arn:aws:ec2:us-west-2:467368121379:security-group/sg-06a70ad9c9ec883eb",
            "description": "Managed by Terraform",
            "egress": [],
            "id": "sg-06a70ad9c9ec883eb",
            "ingress": [],
            "name": "useful-piranha-tfe-alb-egress-allow",
            "name_prefix": "",
            "owner_id": "467368121379",
            "revoke_rules_on_delete": false,
            "tags": {
              "Name": "useful-piranha-tfe-alb-egress-allow"
            },
            "tags_all": {
              "Name": "useful-piranha-tfe-alb-egress-allow"
            },
            "timeouts": null,
            "vpc_id": "vpc-0186472bb01a51414"
          },
          "sensitive_attributes": [],
          "private": "eyJlMmJmYjczMC1lY2FhLTExZTYtOGY4OC0zNDM2M2JjN2M0YzAiOnsiY3JlYXRlIjo2MDAwMDAwMDAwMDAsImRlbGV0ZSI6OTAwMDAwMDAwMDAwfSwic2NoZW1hX3ZlcnNpb24iOiIxIn0=",
          "dependencies": [
            "module.vpc.aws_vpc.this"
          ]
        }
      ]
    },
    {
      "module": "module.tfe",
      "mode": "managed",
      "type": "aws_security_group",
      "name": "alb_ingress_allow",
      "provider": "provider[\"registry.terraform.io/hashicorp/aws\"]",
      "instances": [
        {
          "index_key": 0,
          "schema_version": 1,
          "attributes": {
            "arn": "arn:aws:ec2:us-west-2:467368121379:security-group/sg-08e3ec6b9edc7a4ed",
            "description": "Managed by Terraform",
            "egress": [],
            "id": "sg-08e3ec6b9edc7a4ed",
            "ingress": [],
            "name": "useful-piranha-tfe-lb-allow",
            "name_prefix": "",
            "owner_id": "467368121379",
            "revoke_rules_on_delete": false,
            "tags": {
              "Name": "useful-piranha-tfe-lb-allow"
            },
            "tags_all": {
              "Name": "useful-piranha-tfe-lb-allow"
            },
            "timeouts": null,
            "vpc_id": "vpc-0186472bb01a51414"
          },
          "sensitive_attributes": [],
          "private": "eyJlMmJmYjczMC1lY2FhLTExZTYtOGY4OC0zNDM2M2JjN2M0YzAiOnsiY3JlYXRlIjo2MDAwMDAwMDAwMDAsImRlbGV0ZSI6OTAwMDAwMDAwMDAwfSwic2NoZW1hX3ZlcnNpb24iOiIxIn0=",
          "dependencies": [
            "module.vpc.aws_vpc.this"
          ]
        }
      ]
    },
    {
      "module": "module.tfe",
      "mode": "managed",
      "type": "aws_security_group",
      "name": "ec2_egress_allow",
      "provider": "provider[\"registry.terraform.io/hashicorp/aws\"]",
      "instances": [
        {
          "schema_version": 1,
          "attributes": {
            "arn": "arn:aws:ec2:us-west-2:467368121379:security-group/sg-0297bf2bd7f322772",
            "description": "Managed by Terraform",
            "egress": [],
            "id": "sg-0297bf2bd7f322772",
            "ingress": [],
            "name": "useful-piranha-tfe-ec2-egress-allow",
            "name_prefix": "",
            "owner_id": "467368121379",
            "revoke_rules_on_delete": false,
            "tags": {
              "Name": "useful-piranha-tfe-egress-allow"
            },
            "tags_all": {
              "Name": "useful-piranha-tfe-egress-allow"
            },
            "timeouts": null,
            "vpc_id": "vpc-0186472bb01a51414"
          },
          "sensitive_attributes": [],
          "private": "eyJlMmJmYjczMC1lY2FhLTExZTYtOGY4OC0zNDM2M2JjN2M0YzAiOnsiY3JlYXRlIjo2MDAwMDAwMDAwMDAsImRlbGV0ZSI6OTAwMDAwMDAwMDAwfSwic2NoZW1hX3ZlcnNpb24iOiIxIn0=",
          "dependencies": [
            "module.vpc.aws_vpc.this"
          ]
        }
      ]
    },
    {
      "module": "module.tfe",
      "mode": "managed",
      "type": "aws_security_group",
      "name": "ec2_ingress_allow",
      "provider": "provider[\"registry.terraform.io/hashicorp/aws\"]",
      "instances": [
        {
          "schema_version": 1,
          "attributes": {
            "arn": "arn:aws:ec2:us-west-2:467368121379:security-group/sg-0a7fdeab3e7529e64",
            "description": "Managed by Terraform",
            "egress": [],
            "id": "sg-0a7fdeab3e7529e64",
            "ingress": [],
            "name": "useful-piranha-tfe-ec2-ingress-allow",
            "name_prefix": "",
            "owner_id": "467368121379",
            "revoke_rules_on_delete": false,
            "tags": {
              "Name": "useful-piranha-tfe-ec2-ingress-allow"
            },
            "tags_all": {
              "Name": "useful-piranha-tfe-ec2-ingress-allow"
            },
            "timeouts": null,
            "vpc_id": "vpc-0186472bb01a51414"
          },
          "sensitive_attributes": [],
          "private": "eyJlMmJmYjczMC1lY2FhLTExZTYtOGY4OC0zNDM2M2JjN2M0YzAiOnsiY3JlYXRlIjo2MDAwMDAwMDAwMDAsImRlbGV0ZSI6OTAwMDAwMDAwMDAwfSwic2NoZW1hX3ZlcnNpb24iOiIxIn0=",
          "dependencies": [
            "module.vpc.aws_vpc.this"
          ]
        }
      ]
    },
    {
      "module": "module.tfe",
      "mode": "managed",
      "type": "aws_security_group",
      "name": "rds_ingress_allow",
      "provider": "provider[\"registry.terraform.io/hashicorp/aws\"]",
      "instances": [
        {
          "index_key": 0,
          "schema_version": 1,
          "attributes": {
            "arn": "arn:aws:ec2:us-west-2:467368121379:security-group/sg-02c5b587e8b6c7095",
            "description": "Managed by Terraform",
            "egress": [],
            "id": "sg-02c5b587e8b6c7095",
            "ingress": [],
            "name": "useful-piranha-tfe-rds-ingress-allow",
            "name_prefix": "",
            "owner_id": "467368121379",
            "revoke_rules_on_delete": false,
            "tags": {
              "Name": "useful-piranha-tfe-rds-allow"
            },
            "tags_all": {
              "Name": "useful-piranha-tfe-rds-allow"
            },
            "timeouts": null,
            "vpc_id": "vpc-0186472bb01a51414"
          },
          "sensitive_attributes": [],
          "private": "eyJlMmJmYjczMC1lY2FhLTExZTYtOGY4OC0zNDM2M2JjN2M0YzAiOnsiY3JlYXRlIjo2MDAwMDAwMDAwMDAsImRlbGV0ZSI6OTAwMDAwMDAwMDAwfSwic2NoZW1hX3ZlcnNpb24iOiIxIn0=",
          "dependencies": [
            "module.vpc.aws_vpc.this"
          ]
        }
      ]
    },
    {
      "module": "module.tfe",
      "mode": "managed",
      "type": "aws_security_group_rule",
      "name": "alb_egress_allow_all",
      "provider": "provider[\"registry.terraform.io/hashicorp/aws\"]",
      "instances": [
        {
          "index_key": 0,
          "schema_version": 2,
          "attributes": {
            "cidr_blocks": [
              "0.0.0.0/0"
            ],
            "description": "Allow all traffic outbound from the ALB",
            "from_port": 0,
            "id": "sgrule-3999753922",
            "ipv6_cidr_blocks": null,
            "prefix_list_ids": null,
            "protocol": "-1",
            "security_group_id": "sg-06a70ad9c9ec883eb",
            "self": false,
            "source_security_group_id": null,
            "to_port": 0,
            "type": "egress"
          },
          "sensitive_attributes": [],
          "private": "eyJzY2hlbWFfdmVyc2lvbiI6IjIifQ==",
          "dependencies": [
            "module.tfe.aws_security_group.alb_egress_allow",
            "module.vpc.aws_vpc.this"
          ]
        }
      ]
    },
    {
      "module": "module.tfe",
      "mode": "managed",
      "type": "aws_security_group_rule",
      "name": "alb_ingress_allow_console",
      "provider": "provider[\"registry.terraform.io/hashicorp/aws\"]",
      "instances": [
        {
          "index_key": 0,
          "schema_version": 2,
          "attributes": {
            "cidr_blocks": [
              "0.0.0.0/0"
            ],
            "description": "Allow admin console (port 8800) traffic inbound to TFE LB for TFE Replicated admin console",
            "from_port": 8800,
            "id": "sgrule-1718710416",
            "ipv6_cidr_blocks": null,
            "prefix_list_ids": null,
            "protocol": "tcp",
            "security_group_id": "sg-08e3ec6b9edc7a4ed",
            "self": false,
            "source_security_group_id": null,
            "to_port": 8800,
            "type": "ingress"
          },
          "sensitive_attributes": [],
          "private": "eyJzY2hlbWFfdmVyc2lvbiI6IjIifQ==",
          "dependencies": [
            "module.tfe.aws_security_group.alb_ingress_allow",
            "module.vpc.aws_vpc.this"
          ]
        }
      ]
    },
    {
      "module": "module.tfe",
      "mode": "managed",
      "type": "aws_security_group_rule",
      "name": "alb_ingress_allow_https",
      "provider": "provider[\"registry.terraform.io/hashicorp/aws\"]",
      "instances": [
        {
          "index_key": 0,
          "schema_version": 2,
          "attributes": {
            "cidr_blocks": [
              "0.0.0.0/0"
            ],
            "description": "Allow HTTPS (port 443) traffic inbound to TFE LB",
            "from_port": 443,
            "id": "sgrule-3739573467",
            "ipv6_cidr_blocks": null,
            "prefix_list_ids": null,
            "protocol": "tcp",
            "security_group_id": "sg-08e3ec6b9edc7a4ed",
            "self": false,
            "source_security_group_id": null,
            "to_port": 443,
            "type": "ingress"
          },
          "sensitive_attributes": [],
          "private": "eyJzY2hlbWFfdmVyc2lvbiI6IjIifQ==",
          "dependencies": [
            "module.tfe.aws_security_group.alb_ingress_allow",
            "module.vpc.aws_vpc.this"
          ]
        }
      ]
    },
    {
      "module": "module.tfe",
      "mode": "managed",
      "type": "aws_security_group_rule",
      "name": "ec2_allow_all_outbound",
      "provider": "provider[\"registry.terraform.io/hashicorp/aws\"]",
      "instances": [
        {
          "schema_version": 2,
          "attributes": {
            "cidr_blocks": [
              "0.0.0.0/0"
            ],
            "description": "Allow all traffic egress from TFE",
            "from_port": 0,
            "id": "sgrule-2542703149",
            "ipv6_cidr_blocks": null,
            "prefix_list_ids": null,
            "protocol": "-1",
            "security_group_id": "sg-0297bf2bd7f322772",
            "self": false,
            "source_security_group_id": null,
            "to_port": 0,
            "type": "egress"
          },
          "sensitive_attributes": [],
          "private": "eyJzY2hlbWFfdmVyc2lvbiI6IjIifQ==",
          "dependencies": [
            "module.tfe.aws_security_group.ec2_egress_allow",
            "module.vpc.aws_vpc.this"
          ]
        }
      ]
    },
    {
      "module": "module.tfe",
      "mode": "managed",
      "type": "aws_security_group_rule",
      "name": "ec2_ingress_allow_console_from_lb",
      "provider": "provider[\"registry.terraform.io/hashicorp/aws\"]",
      "instances": [
        {
          "index_key": 0,
          "schema_version": 2,
          "attributes": {
            "cidr_blocks": null,
            "description": "Allow admin console (port 8800) traffic inbound to TFE EC2 instance from TFE LB",
            "from_port": 8800,
            "id": "sgrule-3897766002",
            "ipv6_cidr_blocks": null,
            "prefix_list_ids": null,
            "protocol": "tcp",
            "security_group_id": "sg-0a7fdeab3e7529e64",
            "self": false,
            "source_security_group_id": "sg-08e3ec6b9edc7a4ed",
            "to_port": 8800,
            "type": "ingress"
          },
          "sensitive_attributes": [],
          "private": "eyJzY2hlbWFfdmVyc2lvbiI6IjIifQ==",
          "dependencies": [
            "module.tfe.aws_security_group.alb_ingress_allow",
            "module.tfe.aws_security_group.ec2_ingress_allow",
            "module.vpc.aws_vpc.this"
          ]
        }
      ]
    },
    {
      "module": "module.tfe",
      "mode": "managed",
      "type": "aws_security_group_rule",
      "name": "ec2_ingress_allow_https_from_lb",
      "provider": "provider[\"registry.terraform.io/hashicorp/aws\"]",
      "instances": [
        {
          "index_key": 0,
          "schema_version": 2,
          "attributes": {
            "cidr_blocks": null,
            "description": "Allow HTTPS (port 443) traffic inbound to TFE EC2 instance from TFE LB",
            "from_port": 443,
            "id": "sgrule-3350740996",
            "ipv6_cidr_blocks": null,
            "prefix_list_ids": null,
            "protocol": "tcp",
            "security_group_id": "sg-0a7fdeab3e7529e64",
            "self": false,
            "source_security_group_id": "sg-08e3ec6b9edc7a4ed",
            "to_port": 443,
            "type": "ingress"
          },
          "sensitive_attributes": [],
          "private": "eyJzY2hlbWFfdmVyc2lvbiI6IjIifQ==",
          "dependencies": [
            "module.tfe.aws_security_group.alb_ingress_allow",
            "module.tfe.aws_security_group.ec2_ingress_allow",
            "module.vpc.aws_vpc.this"
          ]
        }
      ]
    },
    {
      "module": "module.tfe",
      "mode": "managed",
      "type": "aws_security_group_rule",
      "name": "ec2_ingress_allow_ssh",
      "provider": "provider[\"registry.terraform.io/hashicorp/aws\"]",
      "instances": [
        {
          "index_key": 0,
          "schema_version": 2,
          "attributes": {
            "cidr_blocks": [
              "0.0.0.0/0"
            ],
            "description": "Allow SSH inbound to TFE EC2 instance CIDR ranges listed",
            "from_port": 22,
            "id": "sgrule-533935784",
            "ipv6_cidr_blocks": null,
            "prefix_list_ids": null,
            "protocol": "tcp",
            "security_group_id": "sg-0a7fdeab3e7529e64",
            "self": false,
            "source_security_group_id": null,
            "to_port": 22,
            "type": "ingress"
          },
          "sensitive_attributes": [],
          "private": "eyJzY2hlbWFfdmVyc2lvbiI6IjIifQ==",
          "dependencies": [
            "module.tfe.aws_security_group.ec2_ingress_allow",
            "module.vpc.aws_vpc.this"
          ]
        }
      ]
    },
    {
      "module": "module.tfe",
      "mode": "managed",
      "type": "aws_security_group_rule",
      "name": "rds_ingress_allow_from_ec2",
      "provider": "provider[\"registry.terraform.io/hashicorp/aws\"]",
      "instances": [
        {
          "index_key": 0,
          "schema_version": 2,
          "attributes": {
            "cidr_blocks": null,
            "description": "Allow PostgreSQL traffic inbound to TFE RDS from TFE EC2 Security Group",
            "from_port": 5432,
            "id": "sgrule-4236376096",
            "ipv6_cidr_blocks": null,
            "prefix_list_ids": null,
            "protocol": "tcp",
            "security_group_id": "sg-02c5b587e8b6c7095",
            "self": false,
            "source_security_group_id": "sg-0a7fdeab3e7529e64",
            "to_port": 5432,
            "type": "ingress"
          },
          "sensitive_attributes": [],
          "private": "eyJzY2hlbWFfdmVyc2lvbiI6IjIifQ==",
          "dependencies": [
            "module.tfe.aws_security_group.ec2_ingress_allow",
            "module.tfe.aws_security_group.rds_ingress_allow",
            "module.vpc.aws_vpc.this"
          ]
        }
      ]
    },
    {
      "module": "module.vpc",
      "mode": "managed",
      "type": "aws_eip",
      "name": "nat",
      "provider": "provider[\"registry.terraform.io/hashicorp/aws\"]",
      "instances": [
        {
          "index_key": 0,
          "schema_version": 0,
          "attributes": {
            "address": null,
            "allocation_id": "eipalloc-07d2a2b1d2b2a6c51",
            "associate_with_private_ip": null,
            "association_id": "",
            "carrier_ip": "",
            "customer_owned_ip": "",
            "customer_owned_ipv4_pool": "",
            "domain": "vpc",
            "id": "eipalloc-07d2a2b1d2b2a6c51",
            "instance": "",
            "network_border_group": "us-west-2",
            "network_interface": "",
            "private_dns": null,
            "private_ip": "",
            "public_dns": "ec2-44-224-88-255.us-west-2.compute.amazonaws.com",
            "public_ip": "44.224.88.255",
            "public_ipv4_pool": "amazon",
            "tags": {
              "Environment": "dev",
              "Name": "my-vpc-us-west-2a",
              "Terraform": "true"
            },
            "tags_all": {
              "Environment": "dev",
              "Name": "my-vpc-us-west-2a",
              "Terraform": "true"
            },
            "timeouts": null,
            "vpc": true
          },
          "sensitive_attributes": [],
          "private": "eyJlMmJmYjczMC1lY2FhLTExZTYtOGY4OC0zNDM2M2JjN2M0YzAiOnsiZGVsZXRlIjoxODAwMDAwMDAwMDAsInJlYWQiOjkwMDAwMDAwMDAwMCwidXBkYXRlIjozMDAwMDAwMDAwMDB9fQ=="
        }
      ]
    },
    {
      "module": "module.vpc",
      "mode": "managed",
      "type": "aws_internet_gateway",
      "name": "this",
      "provider": "provider[\"registry.terraform.io/hashicorp/aws\"]",
      "instances": [
        {
          "index_key": 0,
          "schema_version": 0,
          "attributes": {
            "arn": "arn:aws:ec2:us-west-2:467368121379:internet-gateway/igw-01ffe1d8f75b052b7",
            "id": "igw-01ffe1d8f75b052b7",
            "owner_id": "467368121379",
            "tags": {
              "Environment": "dev",
              "Name": "my-vpc",
              "Terraform": "true"
            },
            "tags_all": {
              "Environment": "dev",
              "Name": "my-vpc",
              "Terraform": "true"
            },
            "vpc_id": "vpc-0186472bb01a51414"
          },
          "sensitive_attributes": [],
          "private": "bnVsbA==",
          "dependencies": [
            "module.vpc.aws_vpc.this",
            "module.vpc.aws_vpc_ipv4_cidr_block_association.this"
          ]
        }
      ]
    },
    {
      "module": "module.vpc",
      "mode": "managed",
      "type": "aws_nat_gateway",
      "name": "this",
      "provider": "provider[\"registry.terraform.io/hashicorp/aws\"]",
      "instances": [
        {
          "index_key": 0,
          "schema_version": 0,
          "attributes": {
            "allocation_id": "eipalloc-07d2a2b1d2b2a6c51",
            "connectivity_type": "public",
            "id": "nat-09454ca830fda2102",
            "network_interface_id": "eni-08a944984946fb24f",
            "private_ip": "10.0.101.231",
            "public_ip": "44.224.88.255",
            "subnet_id": "subnet-0cc9738f092be1ba7",
            "tags": {
              "Environment": "dev",
              "Name": "my-vpc-us-west-2a",
              "Terraform": "true"
            },
            "tags_all": {
              "Environment": "dev",
              "Name": "my-vpc-us-west-2a",
              "Terraform": "true"
            }
          },
          "sensitive_attributes": [],
          "private": "bnVsbA==",
          "dependencies": [
            "module.vpc.aws_eip.nat",
            "module.vpc.aws_internet_gateway.this",
            "module.vpc.aws_subnet.public",
            "module.vpc.aws_vpc.this",
            "module.vpc.aws_vpc_ipv4_cidr_block_association.this"
          ]
        }
      ]
    },
    {
      "module": "module.vpc",
      "mode": "managed",
      "type": "aws_route",
      "name": "private_nat_gateway",
      "provider": "provider[\"registry.terraform.io/hashicorp/aws\"]",
      "instances": [
        {
          "index_key": 0,
          "schema_version": 0,
          "attributes": {
            "carrier_gateway_id": "",
            "destination_cidr_block": "0.0.0.0/0",
            "destination_ipv6_cidr_block": "",
            "destination_prefix_list_id": "",
            "egress_only_gateway_id": "",
            "gateway_id": "",
            "id": "r-rtb-0a356cad98cc02a2e1080289494",
            "instance_id": "",
            "instance_owner_id": "",
            "local_gateway_id": "",
            "nat_gateway_id": "nat-09454ca830fda2102",
            "network_interface_id": "",
            "origin": "CreateRoute",
            "route_table_id": "rtb-0a356cad98cc02a2e",
            "state": "active",
            "timeouts": {
              "create": "5m",
              "delete": null,
              "update": null
            },
            "transit_gateway_id": "",
            "vpc_endpoint_id": "",
            "vpc_peering_connection_id": ""
          },
          "sensitive_attributes": [],
          "private": "eyJlMmJmYjczMC1lY2FhLTExZTYtOGY4OC0zNDM2M2JjN2M0YzAiOnsiY3JlYXRlIjozMDAwMDAwMDAwMDAsImRlbGV0ZSI6MzAwMDAwMDAwMDAwLCJ1cGRhdGUiOjEyMDAwMDAwMDAwMH19",
          "dependencies": [
            "module.vpc.aws_eip.nat",
            "module.vpc.aws_internet_gateway.this",
            "module.vpc.aws_nat_gateway.this",
            "module.vpc.aws_route_table.private",
            "module.vpc.aws_subnet.public",
            "module.vpc.aws_vpc.this",
            "module.vpc.aws_vpc_ipv4_cidr_block_association.this"
          ]
        }
      ]
    },
    {
      "module": "module.vpc",
      "mode": "managed",
      "type": "aws_route",
      "name": "public_internet_gateway",
      "provider": "provider[\"registry.terraform.io/hashicorp/aws\"]",
      "instances": [
        {
          "index_key": 0,
          "schema_version": 0,
          "attributes": {
            "carrier_gateway_id": "",
            "destination_cidr_block": "0.0.0.0/0",
            "destination_ipv6_cidr_block": "",
            "destination_prefix_list_id": "",
            "egress_only_gateway_id": "",
            "gateway_id": "igw-01ffe1d8f75b052b7",
            "id": "r-rtb-0a57db37d53705aec1080289494",
            "instance_id": "",
            "instance_owner_id": "",
            "local_gateway_id": "",
            "nat_gateway_id": "",
            "network_interface_id": "",
            "origin": "CreateRoute",
            "route_table_id": "rtb-0a57db37d53705aec",
            "state": "active",
            "timeouts": {
              "create": "5m",
              "delete": null,
              "update": null
            },
            "transit_gateway_id": "",
            "vpc_endpoint_id": "",
            "vpc_peering_connection_id": ""
          },
          "sensitive_attributes": [],
          "private": "eyJlMmJmYjczMC1lY2FhLTExZTYtOGY4OC0zNDM2M2JjN2M0YzAiOnsiY3JlYXRlIjozMDAwMDAwMDAwMDAsImRlbGV0ZSI6MzAwMDAwMDAwMDAwLCJ1cGRhdGUiOjEyMDAwMDAwMDAwMH19",
          "dependencies": [
            "module.vpc.aws_internet_gateway.this",
            "module.vpc.aws_route_table.public",
            "module.vpc.aws_vpc.this",
            "module.vpc.aws_vpc_ipv4_cidr_block_association.this"
          ]
        }
      ]
    },
    {
      "module": "module.vpc",
      "mode": "managed",
      "type": "aws_route_table",
      "name": "private",
      "provider": "provider[\"registry.terraform.io/hashicorp/aws\"]",
      "instances": [
        {
          "index_key": 0,
          "schema_version": 0,
          "attributes": {
            "arn": "arn:aws:ec2:us-west-2:467368121379:route-table/rtb-0a356cad98cc02a2e",
            "id": "rtb-0a356cad98cc02a2e",
            "owner_id": "467368121379",
            "propagating_vgws": [],
            "route": [],
            "tags": {
              "Environment": "dev",
              "Name": "my-vpc-private",
              "Terraform": "true"
            },
            "tags_all": {
              "Environment": "dev",
              "Name": "my-vpc-private",
              "Terraform": "true"
            },
            "timeouts": null,
            "vpc_id": "vpc-0186472bb01a51414"
          },
          "sensitive_attributes": [],
          "private": "eyJlMmJmYjczMC1lY2FhLTExZTYtOGY4OC0zNDM2M2JjN2M0YzAiOnsiY3JlYXRlIjoxMjAwMDAwMDAwMDAsImRlbGV0ZSI6MzAwMDAwMDAwMDAwLCJ1cGRhdGUiOjEyMDAwMDAwMDAwMH19",
          "dependencies": [
            "module.vpc.aws_vpc.this",
            "module.vpc.aws_vpc_ipv4_cidr_block_association.this"
          ]
        }
      ]
    },
    {
      "module": "module.vpc",
      "mode": "managed",
      "type": "aws_route_table",
      "name": "public",
      "provider": "provider[\"registry.terraform.io/hashicorp/aws\"]",
      "instances": [
        {
          "index_key": 0,
          "schema_version": 0,
          "attributes": {
            "arn": "arn:aws:ec2:us-west-2:467368121379:route-table/rtb-0a57db37d53705aec",
            "id": "rtb-0a57db37d53705aec",
            "owner_id": "467368121379",
            "propagating_vgws": [],
            "route": [],
            "tags": {
              "Environment": "dev",
              "Name": "my-vpc-public",
              "Terraform": "true"
            },
            "tags_all": {
              "Environment": "dev",
              "Name": "my-vpc-public",
              "Terraform": "true"
            },
            "timeouts": null,
            "vpc_id": "vpc-0186472bb01a51414"
          },
          "sensitive_attributes": [],
          "private": "eyJlMmJmYjczMC1lY2FhLTExZTYtOGY4OC0zNDM2M2JjN2M0YzAiOnsiY3JlYXRlIjoxMjAwMDAwMDAwMDAsImRlbGV0ZSI6MzAwMDAwMDAwMDAwLCJ1cGRhdGUiOjEyMDAwMDAwMDAwMH19",
          "dependencies": [
            "module.vpc.aws_vpc.this",
            "module.vpc.aws_vpc_ipv4_cidr_block_association.this"
          ]
        }
      ]
    },
    {
      "module": "module.vpc",
      "mode": "managed",
      "type": "aws_route_table_association",
      "name": "private",
      "provider": "provider[\"registry.terraform.io/hashicorp/aws\"]",
      "instances": [
        {
          "index_key": 0,
          "schema_version": 0,
          "attributes": {
            "gateway_id": "",
            "id": "rtbassoc-0e83c43ae6c1ca700",
            "route_table_id": "rtb-0a356cad98cc02a2e",
            "subnet_id": "subnet-024c69b1a11bb356d"
          },
          "sensitive_attributes": [],
          "private": "bnVsbA==",
          "dependencies": [
            "module.vpc.aws_route_table.private",
            "module.vpc.aws_subnet.private",
            "module.vpc.aws_vpc.this",
            "module.vpc.aws_vpc_ipv4_cidr_block_association.this"
          ]
        },
        {
          "index_key": 1,
          "schema_version": 0,
          "attributes": {
            "gateway_id": "",
            "id": "rtbassoc-0a1cddc0821c3962c",
            "route_table_id": "rtb-0a356cad98cc02a2e",
            "subnet_id": "subnet-09aae00e51b180d74"
          },
          "sensitive_attributes": [],
          "private": "bnVsbA==",
          "dependencies": [
            "module.vpc.aws_route_table.private",
            "module.vpc.aws_subnet.private",
            "module.vpc.aws_vpc.this",
            "module.vpc.aws_vpc_ipv4_cidr_block_association.this"
          ]
        },
        {
          "index_key": 2,
          "schema_version": 0,
          "attributes": {
            "gateway_id": "",
            "id": "rtbassoc-095f17f8ba6099432",
            "route_table_id": "rtb-0a356cad98cc02a2e",
            "subnet_id": "subnet-025266198052356d3"
          },
          "sensitive_attributes": [],
          "private": "bnVsbA==",
          "dependencies": [
            "module.vpc.aws_route_table.private",
            "module.vpc.aws_subnet.private",
            "module.vpc.aws_vpc.this",
            "module.vpc.aws_vpc_ipv4_cidr_block_association.this"
          ]
        }
      ]
    },
    {
      "module": "module.vpc",
      "mode": "managed",
      "type": "aws_route_table_association",
      "name": "public",
      "provider": "provider[\"registry.terraform.io/hashicorp/aws\"]",
      "instances": [
        {
          "index_key": 0,
          "schema_version": 0,
          "attributes": {
            "gateway_id": "",
            "id": "rtbassoc-0f4c38517258246cf",
            "route_table_id": "rtb-0a57db37d53705aec",
            "subnet_id": "subnet-0cc9738f092be1ba7"
          },
          "sensitive_attributes": [],
          "private": "bnVsbA==",
          "dependencies": [
            "module.vpc.aws_route_table.public",
            "module.vpc.aws_subnet.public",
            "module.vpc.aws_vpc.this",
            "module.vpc.aws_vpc_ipv4_cidr_block_association.this"
          ]
        },
        {
          "index_key": 1,
          "schema_version": 0,
          "attributes": {
            "gateway_id": "",
            "id": "rtbassoc-0f1559a9aba8bb8f1",
            "route_table_id": "rtb-0a57db37d53705aec",
            "subnet_id": "subnet-0d99496cc0077c828"
          },
          "sensitive_attributes": [],
          "private": "bnVsbA==",
          "dependencies": [
            "module.vpc.aws_route_table.public",
            "module.vpc.aws_subnet.public",
            "module.vpc.aws_vpc.this",
            "module.vpc.aws_vpc_ipv4_cidr_block_association.this"
          ]
        },
        {
          "index_key": 2,
          "schema_version": 0,
          "attributes": {
            "gateway_id": "",
            "id": "rtbassoc-0b3f8093c7659b360",
            "route_table_id": "rtb-0a57db37d53705aec",
            "subnet_id": "subnet-0b6c05c6fab657c78"
          },
          "sensitive_attributes": [],
          "private": "bnVsbA==",
          "dependencies": [
            "module.vpc.aws_route_table.public",
            "module.vpc.aws_subnet.public",
            "module.vpc.aws_vpc.this",
            "module.vpc.aws_vpc_ipv4_cidr_block_association.this"
          ]
        }
      ]
    },
    {
      "module": "module.vpc",
      "mode": "managed",
      "type": "aws_subnet",
      "name": "private",
      "provider": "provider[\"registry.terraform.io/hashicorp/aws\"]",
      "instances": [
        {
          "index_key": 0,
          "schema_version": 1,
          "attributes": {
            "arn": "arn:aws:ec2:us-west-2:467368121379:subnet/subnet-024c69b1a11bb356d",
            "assign_ipv6_address_on_creation": false,
            "availability_zone": "us-west-2a",
            "availability_zone_id": "usw2-az1",
            "cidr_block": "10.0.1.0/24",
            "customer_owned_ipv4_pool": "",
            "id": "subnet-024c69b1a11bb356d",
            "ipv6_cidr_block": "",
            "ipv6_cidr_block_association_id": "",
            "map_customer_owned_ip_on_launch": false,
            "map_public_ip_on_launch": false,
            "outpost_arn": "",
            "owner_id": "467368121379",
            "tags": {
              "Environment": "dev",
              "Name": "my-vpc-private-us-west-2a",
              "Terraform": "true"
            },
            "tags_all": {
              "Environment": "dev",
              "Name": "my-vpc-private-us-west-2a",
              "Terraform": "true"
            },
            "timeouts": null,
            "vpc_id": "vpc-0186472bb01a51414"
          },
          "sensitive_attributes": [],
          "private": "eyJlMmJmYjczMC1lY2FhLTExZTYtOGY4OC0zNDM2M2JjN2M0YzAiOnsiY3JlYXRlIjo2MDAwMDAwMDAwMDAsImRlbGV0ZSI6MTIwMDAwMDAwMDAwMH0sInNjaGVtYV92ZXJzaW9uIjoiMSJ9",
          "dependencies": [
            "module.vpc.aws_vpc.this",
            "module.vpc.aws_vpc_ipv4_cidr_block_association.this"
          ]
        },
        {
          "index_key": 1,
          "schema_version": 1,
          "attributes": {
            "arn": "arn:aws:ec2:us-west-2:467368121379:subnet/subnet-09aae00e51b180d74",
            "assign_ipv6_address_on_creation": false,
            "availability_zone": "us-west-2b",
            "availability_zone_id": "usw2-az2",
            "cidr_block": "10.0.2.0/24",
            "customer_owned_ipv4_pool": "",
            "id": "subnet-09aae00e51b180d74",
            "ipv6_cidr_block": "",
            "ipv6_cidr_block_association_id": "",
            "map_customer_owned_ip_on_launch": false,
            "map_public_ip_on_launch": false,
            "outpost_arn": "",
            "owner_id": "467368121379",
            "tags": {
              "Environment": "dev",
              "Name": "my-vpc-private-us-west-2b",
              "Terraform": "true"
            },
            "tags_all": {
              "Environment": "dev",
              "Name": "my-vpc-private-us-west-2b",
              "Terraform": "true"
            },
            "timeouts": null,
            "vpc_id": "vpc-0186472bb01a51414"
          },
          "sensitive_attributes": [],
          "private": "eyJlMmJmYjczMC1lY2FhLTExZTYtOGY4OC0zNDM2M2JjN2M0YzAiOnsiY3JlYXRlIjo2MDAwMDAwMDAwMDAsImRlbGV0ZSI6MTIwMDAwMDAwMDAwMH0sInNjaGVtYV92ZXJzaW9uIjoiMSJ9",
          "dependencies": [
            "module.vpc.aws_vpc.this",
            "module.vpc.aws_vpc_ipv4_cidr_block_association.this"
          ]
        },
        {
          "index_key": 2,
          "schema_version": 1,
          "attributes": {
            "arn": "arn:aws:ec2:us-west-2:467368121379:subnet/subnet-025266198052356d3",
            "assign_ipv6_address_on_creation": false,
            "availability_zone": "us-west-2c",
            "availability_zone_id": "usw2-az3",
            "cidr_block": "10.0.3.0/24",
            "customer_owned_ipv4_pool": "",
            "id": "subnet-025266198052356d3",
            "ipv6_cidr_block": "",
            "ipv6_cidr_block_association_id": "",
            "map_customer_owned_ip_on_launch": false,
            "map_public_ip_on_launch": false,
            "outpost_arn": "",
            "owner_id": "467368121379",
            "tags": {
              "Environment": "dev",
              "Name": "my-vpc-private-us-west-2c",
              "Terraform": "true"
            },
            "tags_all": {
              "Environment": "dev",
              "Name": "my-vpc-private-us-west-2c",
              "Terraform": "true"
            },
            "timeouts": null,
            "vpc_id": "vpc-0186472bb01a51414"
          },
          "sensitive_attributes": [],
          "private": "eyJlMmJmYjczMC1lY2FhLTExZTYtOGY4OC0zNDM2M2JjN2M0YzAiOnsiY3JlYXRlIjo2MDAwMDAwMDAwMDAsImRlbGV0ZSI6MTIwMDAwMDAwMDAwMH0sInNjaGVtYV92ZXJzaW9uIjoiMSJ9",
          "dependencies": [
            "module.vpc.aws_vpc.this",
            "module.vpc.aws_vpc_ipv4_cidr_block_association.this"
          ]
        }
      ]
    },
    {
      "module": "module.vpc",
      "mode": "managed",
      "type": "aws_subnet",
      "name": "public",
      "provider": "provider[\"registry.terraform.io/hashicorp/aws\"]",
      "instances": [
        {
          "index_key": 0,
          "schema_version": 1,
          "attributes": {
            "arn": "arn:aws:ec2:us-west-2:467368121379:subnet/subnet-0cc9738f092be1ba7",
            "assign_ipv6_address_on_creation": false,
            "availability_zone": "us-west-2a",
            "availability_zone_id": "usw2-az1",
            "cidr_block": "10.0.101.0/24",
            "customer_owned_ipv4_pool": "",
            "id": "subnet-0cc9738f092be1ba7",
            "ipv6_cidr_block": "",
            "ipv6_cidr_block_association_id": "",
            "map_customer_owned_ip_on_launch": false,
            "map_public_ip_on_launch": true,
            "outpost_arn": "",
            "owner_id": "467368121379",
            "tags": {
              "Environment": "dev",
              "Name": "my-vpc-public-us-west-2a",
              "Terraform": "true"
            },
            "tags_all": {
              "Environment": "dev",
              "Name": "my-vpc-public-us-west-2a",
              "Terraform": "true"
            },
            "timeouts": null,
            "vpc_id": "vpc-0186472bb01a51414"
          },
          "sensitive_attributes": [],
          "private": "eyJlMmJmYjczMC1lY2FhLTExZTYtOGY4OC0zNDM2M2JjN2M0YzAiOnsiY3JlYXRlIjo2MDAwMDAwMDAwMDAsImRlbGV0ZSI6MTIwMDAwMDAwMDAwMH0sInNjaGVtYV92ZXJzaW9uIjoiMSJ9",
          "dependencies": [
            "module.vpc.aws_vpc.this",
            "module.vpc.aws_vpc_ipv4_cidr_block_association.this"
          ]
        },
        {
          "index_key": 1,
          "schema_version": 1,
          "attributes": {
            "arn": "arn:aws:ec2:us-west-2:467368121379:subnet/subnet-0d99496cc0077c828",
            "assign_ipv6_address_on_creation": false,
            "availability_zone": "us-west-2b",
            "availability_zone_id": "usw2-az2",
            "cidr_block": "10.0.102.0/24",
            "customer_owned_ipv4_pool": "",
            "id": "subnet-0d99496cc0077c828",
            "ipv6_cidr_block": "",
            "ipv6_cidr_block_association_id": "",
            "map_customer_owned_ip_on_launch": false,
            "map_public_ip_on_launch": true,
            "outpost_arn": "",
            "owner_id": "467368121379",
            "tags": {
              "Environment": "dev",
              "Name": "my-vpc-public-us-west-2b",
              "Terraform": "true"
            },
            "tags_all": {
              "Environment": "dev",
              "Name": "my-vpc-public-us-west-2b",
              "Terraform": "true"
            },
            "timeouts": null,
            "vpc_id": "vpc-0186472bb01a51414"
          },
          "sensitive_attributes": [],
          "private": "eyJlMmJmYjczMC1lY2FhLTExZTYtOGY4OC0zNDM2M2JjN2M0YzAiOnsiY3JlYXRlIjo2MDAwMDAwMDAwMDAsImRlbGV0ZSI6MTIwMDAwMDAwMDAwMH0sInNjaGVtYV92ZXJzaW9uIjoiMSJ9",
          "dependencies": [
            "module.vpc.aws_vpc.this",
            "module.vpc.aws_vpc_ipv4_cidr_block_association.this"
          ]
        },
        {
          "index_key": 2,
          "schema_version": 1,
          "attributes": {
            "arn": "arn:aws:ec2:us-west-2:467368121379:subnet/subnet-0b6c05c6fab657c78",
            "assign_ipv6_address_on_creation": false,
            "availability_zone": "us-west-2c",
            "availability_zone_id": "usw2-az3",
            "cidr_block": "10.0.103.0/24",
            "customer_owned_ipv4_pool": "",
            "id": "subnet-0b6c05c6fab657c78",
            "ipv6_cidr_block": "",
            "ipv6_cidr_block_association_id": "",
            "map_customer_owned_ip_on_launch": false,
            "map_public_ip_on_launch": true,
            "outpost_arn": "",
            "owner_id": "467368121379",
            "tags": {
              "Environment": "dev",
              "Name": "my-vpc-public-us-west-2c",
              "Terraform": "true"
            },
            "tags_all": {
              "Environment": "dev",
              "Name": "my-vpc-public-us-west-2c",
              "Terraform": "true"
            },
            "timeouts": null,
            "vpc_id": "vpc-0186472bb01a51414"
          },
          "sensitive_attributes": [],
          "private": "eyJlMmJmYjczMC1lY2FhLTExZTYtOGY4OC0zNDM2M2JjN2M0YzAiOnsiY3JlYXRlIjo2MDAwMDAwMDAwMDAsImRlbGV0ZSI6MTIwMDAwMDAwMDAwMH0sInNjaGVtYV92ZXJzaW9uIjoiMSJ9",
          "dependencies": [
            "module.vpc.aws_vpc.this",
            "module.vpc.aws_vpc_ipv4_cidr_block_association.this"
          ]
        }
      ]
    },
    {
      "module": "module.vpc",
      "mode": "managed",
      "type": "aws_vpc",
      "name": "this",
      "provider": "provider[\"registry.terraform.io/hashicorp/aws\"]",
      "instances": [
        {
          "index_key": 0,
          "schema_version": 1,
          "attributes": {
            "arn": "arn:aws:ec2:us-west-2:467368121379:vpc/vpc-0186472bb01a51414",
            "assign_generated_ipv6_cidr_block": false,
            "cidr_block": "10.0.0.0/16",
            "default_network_acl_id": "acl-017b755240825e3c4",
            "default_route_table_id": "rtb-0349a3ce9792e7866",
            "default_security_group_id": "sg-041423f233b1763bd",
            "dhcp_options_id": "dopt-077f7ab4808b4f6e5",
            "enable_classiclink": false,
            "enable_classiclink_dns_support": false,
            "enable_dns_hostnames": false,
            "enable_dns_support": true,
            "id": "vpc-0186472bb01a51414",
            "instance_tenancy": "default",
            "ipv6_association_id": "",
            "ipv6_cidr_block": "",
            "main_route_table_id": "rtb-0349a3ce9792e7866",
            "owner_id": "467368121379",
            "tags": {
              "Environment": "dev",
              "Name": "my-vpc",
              "Terraform": "true"
            },
            "tags_all": {
              "Environment": "dev",
              "Name": "my-vpc",
              "Terraform": "true"
            }
          },
          "sensitive_attributes": [],
          "private": "eyJzY2hlbWFfdmVyc2lvbiI6IjEifQ=="
        }
      ]
    }
  ]
}
